// !$*UTF8*$!
{
	archiveVersion = 1;
	classes = {
	};
	objectVersion = 56;
	objects = {

/* Begin PBXBuildFile section */
		052138912A5435B8003C7616 /* GithubRepositoryAppApp.swift in Sources */ = {isa = PBXBuildFile; fileRef = 052138902A5435B8003C7616 /* GithubRepositoryAppApp.swift */; };
		052138952A5435B8003C7616 /* Assets.xcassets in Resources */ = {isa = PBXBuildFile; fileRef = 052138942A5435B8003C7616 /* Assets.xcassets */; };
		052138982A5435B8003C7616 /* Preview Assets.xcassets in Resources */ = {isa = PBXBuildFile; fileRef = 052138972A5435B8003C7616 /* Preview Assets.xcassets */; };
		052138A22A5437F9003C7616 /* RootView.swift in Sources */ = {isa = PBXBuildFile; fileRef = 052138A12A5437F9003C7616 /* RootView.swift */; };
		052138A62A543A1E003C7616 /* SFSymbols.swift in Sources */ = {isa = PBXBuildFile; fileRef = 052138A52A543A1E003C7616 /* SFSymbols.swift */; };
		052138A92A543BA8003C7616 /* Image+.swift in Sources */ = {isa = PBXBuildFile; fileRef = 052138A82A543BA8003C7616 /* Image+.swift */; };
		052138AD2A543C8F003C7616 /* AllRepositoryView.swift in Sources */ = {isa = PBXBuildFile; fileRef = 052138AC2A543C8F003C7616 /* AllRepositoryView.swift */; };
		052138B02A543E1C003C7616 /* SharedInfo.swift in Sources */ = {isa = PBXBuildFile; fileRef = 052138AF2A543E1C003C7616 /* SharedInfo.swift */; };
		052138B32A54455D003C7616 /* AllRepositoryViewModel.swift in Sources */ = {isa = PBXBuildFile; fileRef = 052138B22A54455D003C7616 /* AllRepositoryViewModel.swift */; };
		052138B62A544F84003C7616 /* View+.swift in Sources */ = {isa = PBXBuildFile; fileRef = 052138B52A544F84003C7616 /* View+.swift */; };
		059AF5A82A56721E003A3BA4 /* Collection+.swift in Sources */ = {isa = PBXBuildFile; fileRef = 059AF5A72A56721E003A3BA4 /* Collection+.swift */; };
		059AF5A92A5673A5003A3BA4 /* Collection+.swift in Sources */ = {isa = PBXBuildFile; fileRef = 059AF5A72A56721E003A3BA4 /* Collection+.swift */; };
		059AF5AD2A56AE7F003A3BA4 /* RepositoryDetailView.swift in Sources */ = {isa = PBXBuildFile; fileRef = 059AF5AC2A56AE7F003A3BA4 /* RepositoryDetailView.swift */; };
		059AF5AE2A56B2EA003A3BA4 /* RepositoryDetailView.swift in Sources */ = {isa = PBXBuildFile; fileRef = 059AF5AC2A56AE7F003A3BA4 /* RepositoryDetailView.swift */; };
		059AF5B12A56B455003A3BA4 /* RepositoryDetailViewModel.swift in Sources */ = {isa = PBXBuildFile; fileRef = 059AF5B02A56B455003A3BA4 /* RepositoryDetailViewModel.swift */; };
		059AF5B22A56B455003A3BA4 /* RepositoryDetailViewModel.swift in Sources */ = {isa = PBXBuildFile; fileRef = 059AF5B02A56B455003A3BA4 /* RepositoryDetailViewModel.swift */; };
		059AF5B52A56FEAD003A3BA4 /* RepositoryDetailModel.swift in Sources */ = {isa = PBXBuildFile; fileRef = 059AF5B42A56FEAD003A3BA4 /* RepositoryDetailModel.swift */; };
		059AF5B62A56FEAD003A3BA4 /* RepositoryDetailModel.swift in Sources */ = {isa = PBXBuildFile; fileRef = 059AF5B42A56FEAD003A3BA4 /* RepositoryDetailModel.swift */; };
		059AF5B82A57066C003A3BA4 /* RepositoryOwnerModel.swift in Sources */ = {isa = PBXBuildFile; fileRef = 059AF5B72A57066C003A3BA4 /* RepositoryOwnerModel.swift */; };
		059AF5B92A57066C003A3BA4 /* RepositoryOwnerModel.swift in Sources */ = {isa = PBXBuildFile; fileRef = 059AF5B72A57066C003A3BA4 /* RepositoryOwnerModel.swift */; };
		059AF5BF2A57AB1B003A3BA4 /* URLSession+.swift in Sources */ = {isa = PBXBuildFile; fileRef = 059AF5BE2A57AB1B003A3BA4 /* URLSession+.swift */; };
		059AF5C02A57AB1B003A3BA4 /* URLSession+.swift in Sources */ = {isa = PBXBuildFile; fileRef = 059AF5BE2A57AB1B003A3BA4 /* URLSession+.swift */; };
		059AF5C22A57AB29003A3BA4 /* URLCache+.swift in Sources */ = {isa = PBXBuildFile; fileRef = 059AF5C12A57AB29003A3BA4 /* URLCache+.swift */; };
		059AF5C32A57AB29003A3BA4 /* URLCache+.swift in Sources */ = {isa = PBXBuildFile; fileRef = 059AF5C12A57AB29003A3BA4 /* URLCache+.swift */; };
		059AF5C62A57ABCE003A3BA4 /* CacheAsyncImageView.swift in Sources */ = {isa = PBXBuildFile; fileRef = 059AF5C52A57ABCE003A3BA4 /* CacheAsyncImageView.swift */; };
		059AF5C72A57ABCE003A3BA4 /* CacheAsyncImageView.swift in Sources */ = {isa = PBXBuildFile; fileRef = 059AF5C52A57ABCE003A3BA4 /* CacheAsyncImageView.swift */; };
		059AF5CC2A57B775003A3BA4 /* URLSession+uiImageTest.swift in Sources */ = {isa = PBXBuildFile; fileRef = 059AF5CB2A57B775003A3BA4 /* URLSession+uiImageTest.swift */; };
		059BF5B02A545B73009985EB /* GitRepoAlertView.swift in Sources */ = {isa = PBXBuildFile; fileRef = 059BF5AF2A545B73009985EB /* GitRepoAlertView.swift */; };
		059BF5B42A546252009985EB /* Text+.swift in Sources */ = {isa = PBXBuildFile; fileRef = 059BF5B32A546252009985EB /* Text+.swift */; };
		059BF5B72A546B34009985EB /* Shape+.swift in Sources */ = {isa = PBXBuildFile; fileRef = 059BF5B62A546B34009985EB /* Shape+.swift */; };
		059BF5BA2A55346E009985EB /* String+.swift in Sources */ = {isa = PBXBuildFile; fileRef = 059BF5B92A55346E009985EB /* String+.swift */; };
		059BF5BD2A554B75009985EB /* RepositoryModel.swift in Sources */ = {isa = PBXBuildFile; fileRef = 059BF5BC2A554B75009985EB /* RepositoryModel.swift */; };
		059BF5C02A5550B3009985EB /* OperationOverloading.swift in Sources */ = {isa = PBXBuildFile; fileRef = 059BF5BF2A5550B3009985EB /* OperationOverloading.swift */; };
		059BF5C32A5553D9009985EB /* Sequence+.swift in Sources */ = {isa = PBXBuildFile; fileRef = 059BF5C22A5553D9009985EB /* Sequence+.swift */; };
		059BF5C62A55BEAD009985EB /* Color+.swift in Sources */ = {isa = PBXBuildFile; fileRef = 059BF5C52A55BEAD009985EB /* Color+.swift */; };
		059BF5D52A55C667009985EB /* AllRepositoryViewModelTest.swift in Sources */ = {isa = PBXBuildFile; fileRef = 059BF5D42A55C667009985EB /* AllRepositoryViewModelTest.swift */; };
		059BF5D62A55C6E8009985EB /* AllRepositoryViewModel.swift in Sources */ = {isa = PBXBuildFile; fileRef = 052138B22A54455D003C7616 /* AllRepositoryViewModel.swift */; };
		059BF5D72A55C6F6009985EB /* SharedInfo.swift in Sources */ = {isa = PBXBuildFile; fileRef = 052138AF2A543E1C003C7616 /* SharedInfo.swift */; };
		059BF5D82A55C6F9009985EB /* RepositoryModel.swift in Sources */ = {isa = PBXBuildFile; fileRef = 059BF5BC2A554B75009985EB /* RepositoryModel.swift */; };
		059BF5D92A55C8B6009985EB /* GitRepoAlertView.swift in Sources */ = {isa = PBXBuildFile; fileRef = 059BF5AF2A545B73009985EB /* GitRepoAlertView.swift */; };
		059BF5DA2A55C8D0009985EB /* String+.swift in Sources */ = {isa = PBXBuildFile; fileRef = 059BF5B92A55346E009985EB /* String+.swift */; };
		059BF5DB2A55C8E4009985EB /* Sequence+.swift in Sources */ = {isa = PBXBuildFile; fileRef = 059BF5C22A5553D9009985EB /* Sequence+.swift */; };
		059BF5DC2A55C931009985EB /* OperationOverloading.swift in Sources */ = {isa = PBXBuildFile; fileRef = 059BF5BF2A5550B3009985EB /* OperationOverloading.swift */; };
		059BF5DD2A55C93C009985EB /* SFSymbols.swift in Sources */ = {isa = PBXBuildFile; fileRef = 052138A52A543A1E003C7616 /* SFSymbols.swift */; };
		059BF5DE2A55C94C009985EB /* Color+.swift in Sources */ = {isa = PBXBuildFile; fileRef = 059BF5C52A55BEAD009985EB /* Color+.swift */; };
		059BF5DF2A55C955009985EB /* Shape+.swift in Sources */ = {isa = PBXBuildFile; fileRef = 059BF5B62A546B34009985EB /* Shape+.swift */; };
		059BF5E02A55C958009985EB /* Text+.swift in Sources */ = {isa = PBXBuildFile; fileRef = 059BF5B32A546252009985EB /* Text+.swift */; };
		059BF5E12A55C95B009985EB /* View+.swift in Sources */ = {isa = PBXBuildFile; fileRef = 052138B52A544F84003C7616 /* View+.swift */; };
		059BF5E22A55C95E009985EB /* Image+.swift in Sources */ = {isa = PBXBuildFile; fileRef = 052138A82A543BA8003C7616 /* Image+.swift */; };
/* End PBXBuildFile section */

/* Begin PBXContainerItemProxy section */
		059BF5CF2A55C1B6009985EB /* PBXContainerItemProxy */ = {
			isa = PBXContainerItemProxy;
			containerPortal = 052138852A5435B8003C7616 /* Project object */;
			proxyType = 1;
			remoteGlobalIDString = 0521388C2A5435B8003C7616;
			remoteInfo = GithubRepositoryApp;
		};
/* End PBXContainerItemProxy section */

/* Begin PBXFileReference section */
		0521388D2A5435B8003C7616 /* GithubRepositoryApp.app */ = {isa = PBXFileReference; explicitFileType = wrapper.application; includeInIndex = 0; path = GithubRepositoryApp.app; sourceTree = BUILT_PRODUCTS_DIR; };
		052138902A5435B8003C7616 /* GithubRepositoryAppApp.swift */ = {isa = PBXFileReference; lastKnownFileType = sourcecode.swift; path = GithubRepositoryAppApp.swift; sourceTree = "<group>"; };
		052138942A5435B8003C7616 /* Assets.xcassets */ = {isa = PBXFileReference; lastKnownFileType = folder.assetcatalog; path = Assets.xcassets; sourceTree = "<group>"; };
		052138972A5435B8003C7616 /* Preview Assets.xcassets */ = {isa = PBXFileReference; lastKnownFileType = folder.assetcatalog; path = "Preview Assets.xcassets"; sourceTree = "<group>"; };
		052138A12A5437F9003C7616 /* RootView.swift */ = {isa = PBXFileReference; lastKnownFileType = sourcecode.swift; path = RootView.swift; sourceTree = "<group>"; };
		052138A52A543A1E003C7616 /* SFSymbols.swift */ = {isa = PBXFileReference; lastKnownFileType = sourcecode.swift; path = SFSymbols.swift; sourceTree = "<group>"; };
		052138A82A543BA8003C7616 /* Image+.swift */ = {isa = PBXFileReference; lastKnownFileType = sourcecode.swift; path = "Image+.swift"; sourceTree = "<group>"; };
		052138AC2A543C8F003C7616 /* AllRepositoryView.swift */ = {isa = PBXFileReference; lastKnownFileType = sourcecode.swift; path = AllRepositoryView.swift; sourceTree = "<group>"; };
		052138AF2A543E1C003C7616 /* SharedInfo.swift */ = {isa = PBXFileReference; lastKnownFileType = sourcecode.swift; path = SharedInfo.swift; sourceTree = "<group>"; };
		052138B22A54455D003C7616 /* AllRepositoryViewModel.swift */ = {isa = PBXFileReference; lastKnownFileType = sourcecode.swift; path = AllRepositoryViewModel.swift; sourceTree = "<group>"; };
		052138B52A544F84003C7616 /* View+.swift */ = {isa = PBXFileReference; lastKnownFileType = sourcecode.swift; path = "View+.swift"; sourceTree = "<group>"; };
		052138B72A54506A003C7616 /* Info.plist */ = {isa = PBXFileReference; lastKnownFileType = text.plist; path = Info.plist; sourceTree = "<group>"; };
		059AF5A72A56721E003A3BA4 /* Collection+.swift */ = {isa = PBXFileReference; lastKnownFileType = sourcecode.swift; path = "Collection+.swift"; sourceTree = "<group>"; };
		059AF5AC2A56AE7F003A3BA4 /* RepositoryDetailView.swift */ = {isa = PBXFileReference; lastKnownFileType = sourcecode.swift; path = RepositoryDetailView.swift; sourceTree = "<group>"; };
		059AF5B02A56B455003A3BA4 /* RepositoryDetailViewModel.swift */ = {isa = PBXFileReference; lastKnownFileType = sourcecode.swift; path = RepositoryDetailViewModel.swift; sourceTree = "<group>"; };
		059AF5B42A56FEAD003A3BA4 /* RepositoryDetailModel.swift */ = {isa = PBXFileReference; lastKnownFileType = sourcecode.swift; path = RepositoryDetailModel.swift; sourceTree = "<group>"; };
		059AF5B72A57066C003A3BA4 /* RepositoryOwnerModel.swift */ = {isa = PBXFileReference; lastKnownFileType = sourcecode.swift; path = RepositoryOwnerModel.swift; sourceTree = "<group>"; };
		059AF5BE2A57AB1B003A3BA4 /* URLSession+.swift */ = {isa = PBXFileReference; lastKnownFileType = sourcecode.swift; path = "URLSession+.swift"; sourceTree = "<group>"; };
		059AF5C12A57AB29003A3BA4 /* URLCache+.swift */ = {isa = PBXFileReference; lastKnownFileType = sourcecode.swift; path = "URLCache+.swift"; sourceTree = "<group>"; };
		059AF5C52A57ABCE003A3BA4 /* CacheAsyncImageView.swift */ = {isa = PBXFileReference; lastKnownFileType = sourcecode.swift; path = CacheAsyncImageView.swift; sourceTree = "<group>"; };
		059AF5CB2A57B775003A3BA4 /* URLSession+uiImageTest.swift */ = {isa = PBXFileReference; lastKnownFileType = sourcecode.swift; path = "URLSession+uiImageTest.swift"; sourceTree = "<group>"; };
		059BF5AF2A545B73009985EB /* GitRepoAlertView.swift */ = {isa = PBXFileReference; lastKnownFileType = sourcecode.swift; path = GitRepoAlertView.swift; sourceTree = "<group>"; };
		059BF5B32A546252009985EB /* Text+.swift */ = {isa = PBXFileReference; lastKnownFileType = sourcecode.swift; path = "Text+.swift"; sourceTree = "<group>"; };
		059BF5B62A546B34009985EB /* Shape+.swift */ = {isa = PBXFileReference; lastKnownFileType = sourcecode.swift; path = "Shape+.swift"; sourceTree = "<group>"; };
		059BF5B92A55346E009985EB /* String+.swift */ = {isa = PBXFileReference; lastKnownFileType = sourcecode.swift; path = "String+.swift"; sourceTree = "<group>"; };
		059BF5BC2A554B75009985EB /* RepositoryModel.swift */ = {isa = PBXFileReference; lastKnownFileType = sourcecode.swift; path = RepositoryModel.swift; sourceTree = "<group>"; };
		059BF5BF2A5550B3009985EB /* OperationOverloading.swift */ = {isa = PBXFileReference; lastKnownFileType = sourcecode.swift; path = OperationOverloading.swift; sourceTree = "<group>"; };
		059BF5C22A5553D9009985EB /* Sequence+.swift */ = {isa = PBXFileReference; lastKnownFileType = sourcecode.swift; path = "Sequence+.swift"; sourceTree = "<group>"; };
		059BF5C52A55BEAD009985EB /* Color+.swift */ = {isa = PBXFileReference; lastKnownFileType = sourcecode.swift; path = "Color+.swift"; sourceTree = "<group>"; };
		059BF5CB2A55C1B6009985EB /* GithubRepositoryAppTests.xctest */ = {isa = PBXFileReference; explicitFileType = wrapper.cfbundle; includeInIndex = 0; path = GithubRepositoryAppTests.xctest; sourceTree = BUILT_PRODUCTS_DIR; };
		059BF5D42A55C667009985EB /* AllRepositoryViewModelTest.swift */ = {isa = PBXFileReference; lastKnownFileType = sourcecode.swift; path = AllRepositoryViewModelTest.swift; sourceTree = "<group>"; };
/* End PBXFileReference section */

/* Begin PBXFrameworksBuildPhase section */
		0521388A2A5435B8003C7616 /* Frameworks */ = {
			isa = PBXFrameworksBuildPhase;
			buildActionMask = 2147483647;
			files = (
			);
			runOnlyForDeploymentPostprocessing = 0;
		};
		059BF5C82A55C1B6009985EB /* Frameworks */ = {
			isa = PBXFrameworksBuildPhase;
			buildActionMask = 2147483647;
			files = (
			);
			runOnlyForDeploymentPostprocessing = 0;
		};
/* End PBXFrameworksBuildPhase section */

/* Begin PBXGroup section */
		052138842A5435B8003C7616 = {
			isa = PBXGroup;
			children = (
				0521388F2A5435B8003C7616 /* GithubRepositoryApp */,
				059BF5CC2A55C1B6009985EB /* GithubRepositoryAppTests */,
				0521388E2A5435B8003C7616 /* Products */,
			);
			sourceTree = "<group>";
		};
		0521388E2A5435B8003C7616 /* Products */ = {
			isa = PBXGroup;
			children = (
				0521388D2A5435B8003C7616 /* GithubRepositoryApp.app */,
				059BF5CB2A55C1B6009985EB /* GithubRepositoryAppTests.xctest */,
			);
			name = Products;
			sourceTree = "<group>";
		};
		0521388F2A5435B8003C7616 /* GithubRepositoryApp */ = {
			isa = PBXGroup;
			children = (
				052138B72A54506A003C7616 /* Info.plist */,
				052138A32A543998003C7616 /* Extensions */,
				052138A42A543A02003C7616 /* SFSymbols */,
				059BF5BE2A55509F009985EB /* Utils */,
				059AF5C42A57AB9C003A3BA4 /* CommonView */,
				0521389E2A5437D9003C7616 /* Core */,
				052138902A5435B8003C7616 /* GithubRepositoryAppApp.swift */,
				052138942A5435B8003C7616 /* Assets.xcassets */,
				052138962A5435B8003C7616 /* Preview Content */,
			);
			path = GithubRepositoryApp;
			sourceTree = "<group>";
		};
		052138962A5435B8003C7616 /* Preview Content */ = {
			isa = PBXGroup;
			children = (
				052138972A5435B8003C7616 /* Preview Assets.xcassets */,
			);
			path = "Preview Content";
			sourceTree = "<group>";
		};
		0521389E2A5437D9003C7616 /* Core */ = {
			isa = PBXGroup;
			children = (
				052138B82A545A89003C7616 /* Alert */,
				052138AA2A543C0B003C7616 /* AllRepository */,
				059AF5AA2A56AE55003A3BA4 /* RepositoryDetail */,
				0521389F2A5437E1003C7616 /* Root */,
				052138AE2A543DC7003C7616 /* SharedInfo */,
			);
			path = Core;
			sourceTree = "<group>";
		};
		0521389F2A5437E1003C7616 /* Root */ = {
			isa = PBXGroup;
			children = (
				052138A02A5437E6003C7616 /* View */,
			);
			path = Root;
			sourceTree = "<group>";
		};
		052138A02A5437E6003C7616 /* View */ = {
			isa = PBXGroup;
			children = (
				052138A12A5437F9003C7616 /* RootView.swift */,
			);
			path = View;
			sourceTree = "<group>";
		};
		052138A32A543998003C7616 /* Extensions */ = {
			isa = PBXGroup;
			children = (
				059AF5BD2A57AAFE003A3BA4 /* URL */,
				059BF5E32A5671F7009985EB /* Collection */,
				059BF5C42A55BEA8009985EB /* Color */,
				059BF5C12A5553CC009985EB /* Sequence */,
				059BF5B82A553467009985EB /* String */,
				059BF5B52A546B2C009985EB /* Shape */,
				059BF5B22A54624A009985EB /* Text */,
				052138B42A544F79003C7616 /* View */,
				052138A72A543B9A003C7616 /* Image */,
			);
			path = Extensions;
			sourceTree = "<group>";
		};
		052138A42A543A02003C7616 /* SFSymbols */ = {
			isa = PBXGroup;
			children = (
				052138A52A543A1E003C7616 /* SFSymbols.swift */,
			);
			path = SFSymbols;
			sourceTree = "<group>";
		};
		052138A72A543B9A003C7616 /* Image */ = {
			isa = PBXGroup;
			children = (
				052138A82A543BA8003C7616 /* Image+.swift */,
			);
			path = Image;
			sourceTree = "<group>";
		};
		052138AA2A543C0B003C7616 /* AllRepository */ = {
			isa = PBXGroup;
			children = (
				052138B12A544550003C7616 /* ViewModel */,
				052138AB2A543C41003C7616 /* View */,
			);
			path = AllRepository;
			sourceTree = "<group>";
		};
		052138AB2A543C41003C7616 /* View */ = {
			isa = PBXGroup;
			children = (
				052138AC2A543C8F003C7616 /* AllRepositoryView.swift */,
			);
			path = View;
			sourceTree = "<group>";
		};
		052138AE2A543DC7003C7616 /* SharedInfo */ = {
			isa = PBXGroup;
			children = (
				059BF5BB2A554B66009985EB /* Model */,
				052138AF2A543E1C003C7616 /* SharedInfo.swift */,
			);
			path = SharedInfo;
			sourceTree = "<group>";
		};
		052138B12A544550003C7616 /* ViewModel */ = {
			isa = PBXGroup;
			children = (
				052138B22A54455D003C7616 /* AllRepositoryViewModel.swift */,
			);
			path = ViewModel;
			sourceTree = "<group>";
		};
		052138B42A544F79003C7616 /* View */ = {
			isa = PBXGroup;
			children = (
				052138B52A544F84003C7616 /* View+.swift */,
			);
			path = View;
			sourceTree = "<group>";
		};
		052138B82A545A89003C7616 /* Alert */ = {
			isa = PBXGroup;
			children = (
				052138B92A545A97003C7616 /* View */,
			);
			path = Alert;
			sourceTree = "<group>";
		};
		052138B92A545A97003C7616 /* View */ = {
			isa = PBXGroup;
			children = (
				059BF5AF2A545B73009985EB /* GitRepoAlertView.swift */,
			);
			path = View;
			sourceTree = "<group>";
		};
		059AF5AA2A56AE55003A3BA4 /* RepositoryDetail */ = {
			isa = PBXGroup;
			children = (
				059AF5B32A56FE94003A3BA4 /* Model */,
				059AF5AF2A56B441003A3BA4 /* ViewModel */,
				059AF5AB2A56AE70003A3BA4 /* View */,
			);
			path = RepositoryDetail;
			sourceTree = "<group>";
		};
		059AF5AB2A56AE70003A3BA4 /* View */ = {
			isa = PBXGroup;
			children = (
				059AF5AC2A56AE7F003A3BA4 /* RepositoryDetailView.swift */,
			);
			path = View;
			sourceTree = "<group>";
		};
		059AF5AF2A56B441003A3BA4 /* ViewModel */ = {
			isa = PBXGroup;
			children = (
				059AF5B02A56B455003A3BA4 /* RepositoryDetailViewModel.swift */,
			);
			path = ViewModel;
			sourceTree = "<group>";
		};
		059AF5B32A56FE94003A3BA4 /* Model */ = {
			isa = PBXGroup;
			children = (
				059AF5B42A56FEAD003A3BA4 /* RepositoryDetailModel.swift */,
				059AF5B72A57066C003A3BA4 /* RepositoryOwnerModel.swift */,
			);
			path = Model;
			sourceTree = "<group>";
		};
		059AF5BD2A57AAFE003A3BA4 /* URL */ = {
			isa = PBXGroup;
			children = (
				059AF5BE2A57AB1B003A3BA4 /* URLSession+.swift */,
				059AF5C12A57AB29003A3BA4 /* URLCache+.swift */,
			);
			path = URL;
			sourceTree = "<group>";
		};
		059AF5C42A57AB9C003A3BA4 /* CommonView */ = {
			isa = PBXGroup;
			children = (
				059AF5C52A57ABCE003A3BA4 /* CacheAsyncImageView.swift */,
			);
			path = CommonView;
			sourceTree = "<group>";
		};
		059BF5B22A54624A009985EB /* Text */ = {
			isa = PBXGroup;
			children = (
				059BF5B32A546252009985EB /* Text+.swift */,
			);
			path = Text;
			sourceTree = "<group>";
		};
		059BF5B52A546B2C009985EB /* Shape */ = {
			isa = PBXGroup;
			children = (
				059BF5B62A546B34009985EB /* Shape+.swift */,
			);
			path = Shape;
			sourceTree = "<group>";
		};
		059BF5B82A553467009985EB /* String */ = {
			isa = PBXGroup;
			children = (
				059BF5B92A55346E009985EB /* String+.swift */,
			);
			path = String;
			sourceTree = "<group>";
		};
		059BF5BB2A554B66009985EB /* Model */ = {
			isa = PBXGroup;
			children = (
				059BF5BC2A554B75009985EB /* RepositoryModel.swift */,
			);
			path = Model;
			sourceTree = "<group>";
		};
		059BF5BE2A55509F009985EB /* Utils */ = {
			isa = PBXGroup;
			children = (
				059BF5BF2A5550B3009985EB /* OperationOverloading.swift */,
			);
			path = Utils;
			sourceTree = "<group>";
		};
		059BF5C12A5553CC009985EB /* Sequence */ = {
			isa = PBXGroup;
			children = (
				059BF5C22A5553D9009985EB /* Sequence+.swift */,
			);
			path = Sequence;
			sourceTree = "<group>";
		};
		059BF5C42A55BEA8009985EB /* Color */ = {
			isa = PBXGroup;
			children = (
				059BF5C52A55BEAD009985EB /* Color+.swift */,
			);
			path = Color;
			sourceTree = "<group>";
		};
		059BF5CC2A55C1B6009985EB /* GithubRepositoryAppTests */ = {
			isa = PBXGroup;
			children = (
				059BF5D42A55C667009985EB /* AllRepositoryViewModelTest.swift */,
				059AF5CB2A57B775003A3BA4 /* URLSession+uiImageTest.swift */,
			);
			path = GithubRepositoryAppTests;
			sourceTree = "<group>";
		};
		059BF5E32A5671F7009985EB /* Collection */ = {
			isa = PBXGroup;
			children = (
				059AF5A72A56721E003A3BA4 /* Collection+.swift */,
			);
			path = Collection;
			sourceTree = "<group>";
		};
/* End PBXGroup section */

/* Begin PBXNativeTarget section */
		0521388C2A5435B8003C7616 /* GithubRepositoryApp */ = {
			isa = PBXNativeTarget;
			buildConfigurationList = 0521389B2A5435B8003C7616 /* Build configuration list for PBXNativeTarget "GithubRepositoryApp" */;
			buildPhases = (
				052138892A5435B8003C7616 /* Sources */,
				0521388A2A5435B8003C7616 /* Frameworks */,
				0521388B2A5435B8003C7616 /* Resources */,
			);
			buildRules = (
			);
			dependencies = (
			);
			name = GithubRepositoryApp;
			productName = GithubRepositoryApp;
			productReference = 0521388D2A5435B8003C7616 /* GithubRepositoryApp.app */;
			productType = "com.apple.product-type.application";
		};
		059BF5CA2A55C1B6009985EB /* GithubRepositoryAppTests */ = {
			isa = PBXNativeTarget;
			buildConfigurationList = 059BF5D12A55C1B6009985EB /* Build configuration list for PBXNativeTarget "GithubRepositoryAppTests" */;
			buildPhases = (
				059BF5C72A55C1B6009985EB /* Sources */,
				059BF5C82A55C1B6009985EB /* Frameworks */,
				059BF5C92A55C1B6009985EB /* Resources */,
			);
			buildRules = (
			);
			dependencies = (
				059BF5D02A55C1B6009985EB /* PBXTargetDependency */,
			);
			name = GithubRepositoryAppTests;
			productName = GithubRepositoryAppTests;
			productReference = 059BF5CB2A55C1B6009985EB /* GithubRepositoryAppTests.xctest */;
			productType = "com.apple.product-type.bundle.unit-test";
		};
/* End PBXNativeTarget section */

/* Begin PBXProject section */
		052138852A5435B8003C7616 /* Project object */ = {
			isa = PBXProject;
			attributes = {
				BuildIndependentTargetsInParallel = 1;
				LastSwiftUpdateCheck = 1420;
				LastUpgradeCheck = 1420;
				TargetAttributes = {
					0521388C2A5435B8003C7616 = {
						CreatedOnToolsVersion = 14.2;
					};
					059BF5CA2A55C1B6009985EB = {
						CreatedOnToolsVersion = 14.2;
						TestTargetID = 0521388C2A5435B8003C7616;
					};
				};
			};
			buildConfigurationList = 052138882A5435B8003C7616 /* Build configuration list for PBXProject "GithubRepositoryApp" */;
			compatibilityVersion = "Xcode 14.0";
			developmentRegion = en;
			hasScannedForEncodings = 0;
			knownRegions = (
				en,
				Base,
			);
			mainGroup = 052138842A5435B8003C7616;
			productRefGroup = 0521388E2A5435B8003C7616 /* Products */;
			projectDirPath = "";
			projectRoot = "";
			targets = (
				0521388C2A5435B8003C7616 /* GithubRepositoryApp */,
				059BF5CA2A55C1B6009985EB /* GithubRepositoryAppTests */,
			);
		};
/* End PBXProject section */

/* Begin PBXResourcesBuildPhase section */
		0521388B2A5435B8003C7616 /* Resources */ = {
			isa = PBXResourcesBuildPhase;
			buildActionMask = 2147483647;
			files = (
				052138982A5435B8003C7616 /* Preview Assets.xcassets in Resources */,
				052138952A5435B8003C7616 /* Assets.xcassets in Resources */,
			);
			runOnlyForDeploymentPostprocessing = 0;
		};
		059BF5C92A55C1B6009985EB /* Resources */ = {
			isa = PBXResourcesBuildPhase;
			buildActionMask = 2147483647;
			files = (
			);
			runOnlyForDeploymentPostprocessing = 0;
		};
/* End PBXResourcesBuildPhase section */

/* Begin PBXSourcesBuildPhase section */
		052138892A5435B8003C7616 /* Sources */ = {
			isa = PBXSourcesBuildPhase;
			buildActionMask = 2147483647;
			files = (
				052138A22A5437F9003C7616 /* RootView.swift in Sources */,
				059AF5C22A57AB29003A3BA4 /* URLCache+.swift in Sources */,
				059BF5C62A55BEAD009985EB /* Color+.swift in Sources */,
				052138A92A543BA8003C7616 /* Image+.swift in Sources */,
				059AF5A82A56721E003A3BA4 /* Collection+.swift in Sources */,
				059BF5C02A5550B3009985EB /* OperationOverloading.swift in Sources */,
				059BF5C32A5553D9009985EB /* Sequence+.swift in Sources */,
				059BF5B02A545B73009985EB /* GitRepoAlertView.swift in Sources */,
				052138B02A543E1C003C7616 /* SharedInfo.swift in Sources */,
				059AF5BF2A57AB1B003A3BA4 /* URLSession+.swift in Sources */,
				059BF5B72A546B34009985EB /* Shape+.swift in Sources */,
				052138912A5435B8003C7616 /* GithubRepositoryAppApp.swift in Sources */,
				052138B62A544F84003C7616 /* View+.swift in Sources */,
				052138AD2A543C8F003C7616 /* AllRepositoryView.swift in Sources */,
				052138B32A54455D003C7616 /* AllRepositoryViewModel.swift in Sources */,
				059BF5B42A546252009985EB /* Text+.swift in Sources */,
				059AF5B52A56FEAD003A3BA4 /* RepositoryDetailModel.swift in Sources */,
				059BF5BD2A554B75009985EB /* RepositoryModel.swift in Sources */,
				059AF5AD2A56AE7F003A3BA4 /* RepositoryDetailView.swift in Sources */,
				059AF5B12A56B455003A3BA4 /* RepositoryDetailViewModel.swift in Sources */,
				059AF5C62A57ABCE003A3BA4 /* CacheAsyncImageView.swift in Sources */,
				059AF5B82A57066C003A3BA4 /* RepositoryOwnerModel.swift in Sources */,
				059BF5BA2A55346E009985EB /* String+.swift in Sources */,
				052138A62A543A1E003C7616 /* SFSymbols.swift in Sources */,
			);
			runOnlyForDeploymentPostprocessing = 0;
		};
		059BF5C72A55C1B6009985EB /* Sources */ = {
			isa = PBXSourcesBuildPhase;
			buildActionMask = 2147483647;
			files = (
				059BF5E02A55C958009985EB /* Text+.swift in Sources */,
				059BF5D52A55C667009985EB /* AllRepositoryViewModelTest.swift in Sources */,
				059AF5B22A56B455003A3BA4 /* RepositoryDetailViewModel.swift in Sources */,
				059BF5D82A55C6F9009985EB /* RepositoryModel.swift in Sources */,
				059AF5AE2A56B2EA003A3BA4 /* RepositoryDetailView.swift in Sources */,
				059BF5DD2A55C93C009985EB /* SFSymbols.swift in Sources */,
				059BF5E12A55C95B009985EB /* View+.swift in Sources */,
				059BF5D92A55C8B6009985EB /* GitRepoAlertView.swift in Sources */,
				059AF5C72A57ABCE003A3BA4 /* CacheAsyncImageView.swift in Sources */,
				059AF5B62A56FEAD003A3BA4 /* RepositoryDetailModel.swift in Sources */,
				059AF5CC2A57B775003A3BA4 /* URLSession+uiImageTest.swift in Sources */,
				059BF5E22A55C95E009985EB /* Image+.swift in Sources */,
				059BF5DC2A55C931009985EB /* OperationOverloading.swift in Sources */,
				059BF5D72A55C6F6009985EB /* SharedInfo.swift in Sources */,
				059BF5DA2A55C8D0009985EB /* String+.swift in Sources */,
				059BF5DE2A55C94C009985EB /* Color+.swift in Sources */,
				059AF5C02A57AB1B003A3BA4 /* URLSession+.swift in Sources */,
				059AF5A92A5673A5003A3BA4 /* Collection+.swift in Sources */,
				059BF5DB2A55C8E4009985EB /* Sequence+.swift in Sources */,
				059AF5C32A57AB29003A3BA4 /* URLCache+.swift in Sources */,
				059BF5D62A55C6E8009985EB /* AllRepositoryViewModel.swift in Sources */,
				059BF5DF2A55C955009985EB /* Shape+.swift in Sources */,
				059AF5B92A57066C003A3BA4 /* RepositoryOwnerModel.swift in Sources */,
			);
			runOnlyForDeploymentPostprocessing = 0;
		};
/* End PBXSourcesBuildPhase section */

/* Begin PBXTargetDependency section */
		059BF5D02A55C1B6009985EB /* PBXTargetDependency */ = {
			isa = PBXTargetDependency;
			target = 0521388C2A5435B8003C7616 /* GithubRepositoryApp */;
			targetProxy = 059BF5CF2A55C1B6009985EB /* PBXContainerItemProxy */;
		};
/* End PBXTargetDependency section */

/* Begin XCBuildConfiguration section */
		052138992A5435B8003C7616 /* Debug */ = {
			isa = XCBuildConfiguration;
			buildSettings = {
				ALWAYS_SEARCH_USER_PATHS = NO;
				CLANG_ANALYZER_NONNULL = YES;
				CLANG_ANALYZER_NUMBER_OBJECT_CONVERSION = YES_AGGRESSIVE;
				CLANG_CXX_LANGUAGE_STANDARD = "gnu++20";
				CLANG_ENABLE_MODULES = YES;
				CLANG_ENABLE_OBJC_ARC = YES;
				CLANG_ENABLE_OBJC_WEAK = YES;
				CLANG_WARN_BLOCK_CAPTURE_AUTORELEASING = YES;
				CLANG_WARN_BOOL_CONVERSION = YES;
				CLANG_WARN_COMMA = YES;
				CLANG_WARN_CONSTANT_CONVERSION = YES;
				CLANG_WARN_DEPRECATED_OBJC_IMPLEMENTATIONS = YES;
				CLANG_WARN_DIRECT_OBJC_ISA_USAGE = YES_ERROR;
				CLANG_WARN_DOCUMENTATION_COMMENTS = YES;
				CLANG_WARN_EMPTY_BODY = YES;
				CLANG_WARN_ENUM_CONVERSION = YES;
				CLANG_WARN_INFINITE_RECURSION = YES;
				CLANG_WARN_INT_CONVERSION = YES;
				CLANG_WARN_NON_LITERAL_NULL_CONVERSION = YES;
				CLANG_WARN_OBJC_IMPLICIT_RETAIN_SELF = YES;
				CLANG_WARN_OBJC_LITERAL_CONVERSION = YES;
				CLANG_WARN_OBJC_ROOT_CLASS = YES_ERROR;
				CLANG_WARN_QUOTED_INCLUDE_IN_FRAMEWORK_HEADER = YES;
				CLANG_WARN_RANGE_LOOP_ANALYSIS = YES;
				CLANG_WARN_STRICT_PROTOTYPES = YES;
				CLANG_WARN_SUSPICIOUS_MOVE = YES;
				CLANG_WARN_UNGUARDED_AVAILABILITY = YES_AGGRESSIVE;
				CLANG_WARN_UNREACHABLE_CODE = YES;
				CLANG_WARN__DUPLICATE_METHOD_MATCH = YES;
				COPY_PHASE_STRIP = NO;
				DEBUG_INFORMATION_FORMAT = dwarf;
				ENABLE_STRICT_OBJC_MSGSEND = YES;
				ENABLE_TESTABILITY = YES;
				GCC_C_LANGUAGE_STANDARD = gnu11;
				GCC_DYNAMIC_NO_PIC = NO;
				GCC_NO_COMMON_BLOCKS = YES;
				GCC_OPTIMIZATION_LEVEL = 0;
				GCC_PREPROCESSOR_DEFINITIONS = (
					"DEBUG=1",
					"$(inherited)",
				);
				GCC_WARN_64_TO_32_BIT_CONVERSION = YES;
				GCC_WARN_ABOUT_RETURN_TYPE = YES_ERROR;
				GCC_WARN_UNDECLARED_SELECTOR = YES;
				GCC_WARN_UNINITIALIZED_AUTOS = YES_AGGRESSIVE;
				GCC_WARN_UNUSED_FUNCTION = YES;
				GCC_WARN_UNUSED_VARIABLE = YES;
				IPHONEOS_DEPLOYMENT_TARGET = 16.2;
				MTL_ENABLE_DEBUG_INFO = INCLUDE_SOURCE;
				MTL_FAST_MATH = YES;
				ONLY_ACTIVE_ARCH = YES;
				SDKROOT = iphoneos;
				SWIFT_ACTIVE_COMPILATION_CONDITIONS = DEBUG;
				SWIFT_OPTIMIZATION_LEVEL = "-Onone";
			};
			name = Debug;
		};
		0521389A2A5435B8003C7616 /* Release */ = {
			isa = XCBuildConfiguration;
			buildSettings = {
				ALWAYS_SEARCH_USER_PATHS = NO;
				CLANG_ANALYZER_NONNULL = YES;
				CLANG_ANALYZER_NUMBER_OBJECT_CONVERSION = YES_AGGRESSIVE;
				CLANG_CXX_LANGUAGE_STANDARD = "gnu++20";
				CLANG_ENABLE_MODULES = YES;
				CLANG_ENABLE_OBJC_ARC = YES;
				CLANG_ENABLE_OBJC_WEAK = YES;
				CLANG_WARN_BLOCK_CAPTURE_AUTORELEASING = YES;
				CLANG_WARN_BOOL_CONVERSION = YES;
				CLANG_WARN_COMMA = YES;
				CLANG_WARN_CONSTANT_CONVERSION = YES;
				CLANG_WARN_DEPRECATED_OBJC_IMPLEMENTATIONS = YES;
				CLANG_WARN_DIRECT_OBJC_ISA_USAGE = YES_ERROR;
				CLANG_WARN_DOCUMENTATION_COMMENTS = YES;
				CLANG_WARN_EMPTY_BODY = YES;
				CLANG_WARN_ENUM_CONVERSION = YES;
				CLANG_WARN_INFINITE_RECURSION = YES;
				CLANG_WARN_INT_CONVERSION = YES;
				CLANG_WARN_NON_LITERAL_NULL_CONVERSION = YES;
				CLANG_WARN_OBJC_IMPLICIT_RETAIN_SELF = YES;
				CLANG_WARN_OBJC_LITERAL_CONVERSION = YES;
				CLANG_WARN_OBJC_ROOT_CLASS = YES_ERROR;
				CLANG_WARN_QUOTED_INCLUDE_IN_FRAMEWORK_HEADER = YES;
				CLANG_WARN_RANGE_LOOP_ANALYSIS = YES;
				CLANG_WARN_STRICT_PROTOTYPES = YES;
				CLANG_WARN_SUSPICIOUS_MOVE = YES;
				CLANG_WARN_UNGUARDED_AVAILABILITY = YES_AGGRESSIVE;
				CLANG_WARN_UNREACHABLE_CODE = YES;
				CLANG_WARN__DUPLICATE_METHOD_MATCH = YES;
				COPY_PHASE_STRIP = NO;
				DEBUG_INFORMATION_FORMAT = "dwarf-with-dsym";
				ENABLE_NS_ASSERTIONS = NO;
				ENABLE_STRICT_OBJC_MSGSEND = YES;
				GCC_C_LANGUAGE_STANDARD = gnu11;
				GCC_NO_COMMON_BLOCKS = YES;
				GCC_WARN_64_TO_32_BIT_CONVERSION = YES;
				GCC_WARN_ABOUT_RETURN_TYPE = YES_ERROR;
				GCC_WARN_UNDECLARED_SELECTOR = YES;
				GCC_WARN_UNINITIALIZED_AUTOS = YES_AGGRESSIVE;
				GCC_WARN_UNUSED_FUNCTION = YES;
				GCC_WARN_UNUSED_VARIABLE = YES;
				IPHONEOS_DEPLOYMENT_TARGET = 16.2;
				MTL_ENABLE_DEBUG_INFO = NO;
				MTL_FAST_MATH = YES;
				SDKROOT = iphoneos;
				SWIFT_COMPILATION_MODE = wholemodule;
				SWIFT_OPTIMIZATION_LEVEL = "-O";
				VALIDATE_PRODUCT = YES;
			};
			name = Release;
		};
		0521389C2A5435B8003C7616 /* Debug */ = {
			isa = XCBuildConfiguration;
			buildSettings = {
				ASSETCATALOG_COMPILER_APPICON_NAME = AppIcon;
				ASSETCATALOG_COMPILER_GLOBAL_ACCENT_COLOR_NAME = AccentColor;
				CODE_SIGN_STYLE = Automatic;
				CURRENT_PROJECT_VERSION = 1;
				DEVELOPMENT_ASSET_PATHS = "\"GithubRepositoryApp/Preview Content\"";
				DEVELOPMENT_TEAM = L4D6WNQFVL;
				ENABLE_PREVIEWS = YES;
				GENERATE_INFOPLIST_FILE = YES;
				INFOPLIST_FILE = GithubRepositoryApp/Info.plist;
				INFOPLIST_KEY_UIApplicationSupportsIndirectInputEvents = YES;
				INFOPLIST_KEY_UILaunchScreen_Generation = YES;
				INFOPLIST_KEY_UISupportedInterfaceOrientations_iPad = "UIInterfaceOrientationPortrait UIInterfaceOrientationPortraitUpsideDown UIInterfaceOrientationLandscapeLeft UIInterfaceOrientationLandscapeRight";
				INFOPLIST_KEY_UISupportedInterfaceOrientations_iPhone = "UIInterfaceOrientationPortrait UIInterfaceOrientationLandscapeLeft UIInterfaceOrientationLandscapeRight";
				LD_RUNPATH_SEARCH_PATHS = (
					"$(inherited)",
					"@executable_path/Frameworks",
				);
				MARKETING_VERSION = 1.0;
				PRODUCT_BUNDLE_IDENTIFIER = com.hungyen.GithubRepositoryApp;
				PRODUCT_NAME = "$(TARGET_NAME)";
				SWIFT_EMIT_LOC_STRINGS = YES;
				SWIFT_VERSION = 5.0;
				TARGETED_DEVICE_FAMILY = "1,2";
			};
			name = Debug;
		};
		0521389D2A5435B8003C7616 /* Release */ = {
			isa = XCBuildConfiguration;
			buildSettings = {
				ASSETCATALOG_COMPILER_APPICON_NAME = AppIcon;
				ASSETCATALOG_COMPILER_GLOBAL_ACCENT_COLOR_NAME = AccentColor;
				CODE_SIGN_STYLE = Automatic;
				CURRENT_PROJECT_VERSION = 1;
				DEVELOPMENT_ASSET_PATHS = "\"GithubRepositoryApp/Preview Content\"";
				DEVELOPMENT_TEAM = L4D6WNQFVL;
				ENABLE_PREVIEWS = YES;
				GENERATE_INFOPLIST_FILE = YES;
				INFOPLIST_FILE = GithubRepositoryApp/Info.plist;
				INFOPLIST_KEY_UIApplicationSupportsIndirectInputEvents = YES;
				INFOPLIST_KEY_UILaunchScreen_Generation = YES;
				INFOPLIST_KEY_UISupportedInterfaceOrientations_iPad = "UIInterfaceOrientationPortrait UIInterfaceOrientationPortraitUpsideDown UIInterfaceOrientationLandscapeLeft UIInterfaceOrientationLandscapeRight";
				INFOPLIST_KEY_UISupportedInterfaceOrientations_iPhone = "UIInterfaceOrientationPortrait UIInterfaceOrientationLandscapeLeft UIInterfaceOrientationLandscapeRight";
				LD_RUNPATH_SEARCH_PATHS = (
					"$(inherited)",
					"@executable_path/Frameworks",
				);
				MARKETING_VERSION = 1.0;
				PRODUCT_BUNDLE_IDENTIFIER = com.hungyen.GithubRepositoryApp;
				PRODUCT_NAME = "$(TARGET_NAME)";
				SWIFT_EMIT_LOC_STRINGS = YES;
				SWIFT_VERSION = 5.0;
				TARGETED_DEVICE_FAMILY = "1,2";
			};
			name = Release;
		};
		059BF5D22A55C1B6009985EB /* Debug */ = {
			isa = XCBuildConfiguration;
			buildSettings = {
				BUNDLE_LOADER = "$(TEST_HOST)";
				CODE_SIGN_STYLE = Automatic;
				CURRENT_PROJECT_VERSION = 1;
				DEVELOPMENT_TEAM = L4D6WNQFVL;
				GENERATE_INFOPLIST_FILE = YES;
				MARKETING_VERSION = 1.0;
				PRODUCT_BUNDLE_IDENTIFIER = com.hungyen.GithubRepositoryAppTests;
				PRODUCT_NAME = "$(TARGET_NAME)";
				SWIFT_EMIT_LOC_STRINGS = NO;
				SWIFT_VERSION = 5.0;
				TARGETED_DEVICE_FAMILY = "1,2";
				TEST_HOST = "$(BUILT_PRODUCTS_DIR)/GithubRepositoryApp.app/$(BUNDLE_EXECUTABLE_FOLDER_PATH)/GithubRepositoryApp";
			};
			name = Debug;
		};
		059BF5D32A55C1B6009985EB /* Release */ = {
			isa = XCBuildConfiguration;
			buildSettings = {
				BUNDLE_LOADER = "$(TEST_HOST)";
				CODE_SIGN_STYLE = Automatic;
				CURRENT_PROJECT_VERSION = 1;
				DEVELOPMENT_TEAM = L4D6WNQFVL;
				GENERATE_INFOPLIST_FILE = YES;
				MARKETING_VERSION = 1.0;
				PRODUCT_BUNDLE_IDENTIFIER = com.hungyen.GithubRepositoryAppTests;
				PRODUCT_NAME = "$(TARGET_NAME)";
				SWIFT_EMIT_LOC_STRINGS = NO;
				SWIFT_VERSION = 5.0;
				TARGETED_DEVICE_FAMILY = "1,2";
				TEST_HOST = "$(BUILT_PRODUCTS_DIR)/GithubRepositoryApp.app/$(BUNDLE_EXECUTABLE_FOLDER_PATH)/GithubRepositoryApp";
			};
			name = Release;
		};
/* End XCBuildConfiguration section */

/* Begin XCConfigurationList section */
		052138882A5435B8003C7616 /* Build configuration list for PBXProject "GithubRepositoryApp" */ = {
			isa = XCConfigurationList;
			buildConfigurations = (
				052138992A5435B8003C7616 /* Debug */,
				0521389A2A5435B8003C7616 /* Release */,
			);
			defaultConfigurationIsVisible = 0;
			defaultConfigurationName = Release;
		};
		0521389B2A5435B8003C7616 /* Build configuration list for PBXNativeTarget "GithubRepositoryApp" */ = {
			isa = XCConfigurationList;
			buildConfigurations = (
				0521389C2A5435B8003C7616 /* Debug */,
				0521389D2A5435B8003C7616 /* Release */,
			);
			defaultConfigurationIsVisible = 0;
			defaultConfigurationName = Release;
		};
		059BF5D12A55C1B6009985EB /* Build configuration list for PBXNativeTarget "GithubRepositoryAppTests" */ = {
			isa = XCConfigurationList;
			buildConfigurations = (
				059BF5D22A55C1B6009985EB /* Debug */,
				059BF5D32A55C1B6009985EB /* Release */,
			);
			defaultConfigurationIsVisible = 0;
			defaultConfigurationName = Release;
		};
/* End XCConfigurationList section */
	};
	rootObject = 052138852A5435B8003C7616 /* Project object */;
}
