// !$*UTF8*$!
{
	archiveVersion = 1;
	classes = {
	};
	objectVersion = 56;
	objects = {

/* Begin PBXBuildFile section */
		051096792A5CDD400084EF58 /* GihubRepositoryIntents.intentdefinition in Sources */ = {isa = PBXBuildFile; fileRef = 051096782A5CDD400084EF58 /* GihubRepositoryIntents.intentdefinition */; };
		0510967A2A5CDD400084EF58 /* GihubRepositoryIntents.intentdefinition in Sources */ = {isa = PBXBuildFile; fileRef = 051096782A5CDD400084EF58 /* GihubRepositoryIntents.intentdefinition */; };
		051096812A5CDF320084EF58 /* Intents.framework in Frameworks */ = {isa = PBXBuildFile; fileRef = 051096802A5CDF320084EF58 /* Intents.framework */; };
		051096842A5CDF320084EF58 /* IntentHandler.swift in Sources */ = {isa = PBXBuildFile; fileRef = 051096832A5CDF320084EF58 /* IntentHandler.swift */; };
		051096882A5CDF320084EF58 /* GithubReporitoryIntents.appex in Embed Foundation Extensions */ = {isa = PBXBuildFile; fileRef = 0510967F2A5CDF320084EF58 /* GithubReporitoryIntents.appex */; settings = {ATTRIBUTES = (RemoveHeadersOnCopy, ); }; };
		0510968D2A5CDF680084EF58 /* GihubRepositoryIntents.intentdefinition in Sources */ = {isa = PBXBuildFile; fileRef = 051096782A5CDD400084EF58 /* GihubRepositoryIntents.intentdefinition */; };
		0510968E2A5CE00E0084EF58 /* UserDefaultManager.swift in Sources */ = {isa = PBXBuildFile; fileRef = 05A3F3812A5BEFB600B60475 /* UserDefaultManager.swift */; };
		051096912A5CE07A0084EF58 /* RepositoryModel.swift in Sources */ = {isa = PBXBuildFile; fileRef = 059BF5BC2A554B75009985EB /* RepositoryModel.swift */; };
		051096992A5CE9910084EF58 /* GihubRepositoryIntents.intentdefinition in Sources */ = {isa = PBXBuildFile; fileRef = 051096782A5CDD400084EF58 /* GihubRepositoryIntents.intentdefinition */; };
		0510969D2A5D46B10084EF58 /* FollowUserView.swift in Sources */ = {isa = PBXBuildFile; fileRef = 0510969C2A5D46B10084EF58 /* FollowUserView.swift */; };
		0510969E2A5D46B10084EF58 /* FollowUserView.swift in Sources */ = {isa = PBXBuildFile; fileRef = 0510969C2A5D46B10084EF58 /* FollowUserView.swift */; };
		051096A12A5D4C010084EF58 /* FollowUserViewModel.swift in Sources */ = {isa = PBXBuildFile; fileRef = 051096A02A5D4C010084EF58 /* FollowUserViewModel.swift */; };
		051096A22A5D4C010084EF58 /* FollowUserViewModel.swift in Sources */ = {isa = PBXBuildFile; fileRef = 051096A02A5D4C010084EF58 /* FollowUserViewModel.swift */; };
		051096A42A5D4FB40084EF58 /* UserFollowModel.swift in Sources */ = {isa = PBXBuildFile; fileRef = 051096A32A5D4FB40084EF58 /* UserFollowModel.swift */; };
		051096A52A5D4FB40084EF58 /* UserFollowModel.swift in Sources */ = {isa = PBXBuildFile; fileRef = 051096A32A5D4FB40084EF58 /* UserFollowModel.swift */; };
		051096A62A5D4FBE0084EF58 /* UserFollowModel.swift in Sources */ = {isa = PBXBuildFile; fileRef = 051096A32A5D4FB40084EF58 /* UserFollowModel.swift */; };
		051096A72A5D78E00084EF58 /* String+.swift in Sources */ = {isa = PBXBuildFile; fileRef = 059BF5B92A55346E009985EB /* String+.swift */; };
		051096A92A5D8BDA0084EF58 /* UserFollowModelTest.swift in Sources */ = {isa = PBXBuildFile; fileRef = 051096A82A5D8BDA0084EF58 /* UserFollowModelTest.swift */; };
		051096AA2A5D8BE10084EF58 /* UserFollowModel.swift in Sources */ = {isa = PBXBuildFile; fileRef = 051096A32A5D4FB40084EF58 /* UserFollowModel.swift */; };
		051096AF2A5DA3240084EF58 /* FollowUserDetailModel.swift in Sources */ = {isa = PBXBuildFile; fileRef = 051096AE2A5DA3240084EF58 /* FollowUserDetailModel.swift */; };
		051096B02A5DA3310084EF58 /* FollowUserDetailModel.swift in Sources */ = {isa = PBXBuildFile; fileRef = 051096AE2A5DA3240084EF58 /* FollowUserDetailModel.swift */; };
		051096B22A603D180084EF58 /* FollowUserDetailModelTest.swift in Sources */ = {isa = PBXBuildFile; fileRef = 051096B12A603D180084EF58 /* FollowUserDetailModelTest.swift */; };
		051096B32A604B8C0084EF58 /* URLSession+.swift in Sources */ = {isa = PBXBuildFile; fileRef = 059AF5BE2A57AB1B003A3BA4 /* URLSession+.swift */; };
		051096B42A604B8F0084EF58 /* URLCache+.swift in Sources */ = {isa = PBXBuildFile; fileRef = 059AF5C12A57AB29003A3BA4 /* URLCache+.swift */; };
		051096B52A60D9B10084EF58 /* FollowUserDetailModel.swift in Sources */ = {isa = PBXBuildFile; fileRef = 051096AE2A5DA3240084EF58 /* FollowUserDetailModel.swift */; };
		051096B62A60D9B10084EF58 /* FollowUserDetailModel.swift in Sources */ = {isa = PBXBuildFile; fileRef = 051096AE2A5DA3240084EF58 /* FollowUserDetailModel.swift */; };
		051096B72A60D9C90084EF58 /* Http+HttpsRequestManager.swift in Sources */ = {isa = PBXBuildFile; fileRef = 059AF5D12A584BE5003A3BA4 /* Http+HttpsRequestManager.swift */; };
		051096B92A60DABD0084EF58 /* FollowUserDetailView.swift in Sources */ = {isa = PBXBuildFile; fileRef = 051096B82A60DABD0084EF58 /* FollowUserDetailView.swift */; };
		051096BA2A60DABD0084EF58 /* FollowUserDetailView.swift in Sources */ = {isa = PBXBuildFile; fileRef = 051096B82A60DABD0084EF58 /* FollowUserDetailView.swift */; };
		051096BB2A60DABD0084EF58 /* FollowUserDetailView.swift in Sources */ = {isa = PBXBuildFile; fileRef = 051096B82A60DABD0084EF58 /* FollowUserDetailView.swift */; };
		051096BC2A60DABD0084EF58 /* FollowUserDetailView.swift in Sources */ = {isa = PBXBuildFile; fileRef = 051096B82A60DABD0084EF58 /* FollowUserDetailView.swift */; };
		051096BF2A60E16A0084EF58 /* FollowUserDetailNormalView.swift in Sources */ = {isa = PBXBuildFile; fileRef = 051096BE2A60E16A0084EF58 /* FollowUserDetailNormalView.swift */; };
		051096C02A60E16A0084EF58 /* FollowUserDetailNormalView.swift in Sources */ = {isa = PBXBuildFile; fileRef = 051096BE2A60E16A0084EF58 /* FollowUserDetailNormalView.swift */; };
		051096C12A60E16A0084EF58 /* FollowUserDetailNormalView.swift in Sources */ = {isa = PBXBuildFile; fileRef = 051096BE2A60E16A0084EF58 /* FollowUserDetailNormalView.swift */; };
		051096C22A60E16A0084EF58 /* FollowUserDetailNormalView.swift in Sources */ = {isa = PBXBuildFile; fileRef = 051096BE2A60E16A0084EF58 /* FollowUserDetailNormalView.swift */; };
		051096C42A60E1850084EF58 /* FollowUserDetailNoInternetView.swift in Sources */ = {isa = PBXBuildFile; fileRef = 051096C32A60E1850084EF58 /* FollowUserDetailNoInternetView.swift */; };
		051096C52A60E1850084EF58 /* FollowUserDetailNoInternetView.swift in Sources */ = {isa = PBXBuildFile; fileRef = 051096C32A60E1850084EF58 /* FollowUserDetailNoInternetView.swift */; };
		051096C62A60E1850084EF58 /* FollowUserDetailNoInternetView.swift in Sources */ = {isa = PBXBuildFile; fileRef = 051096C32A60E1850084EF58 /* FollowUserDetailNoInternetView.swift */; };
		051096C72A60E1850084EF58 /* FollowUserDetailNoInternetView.swift in Sources */ = {isa = PBXBuildFile; fileRef = 051096C32A60E1850084EF58 /* FollowUserDetailNoInternetView.swift */; };
		051096C82A60E3C90084EF58 /* Image+.swift in Sources */ = {isa = PBXBuildFile; fileRef = 052138A82A543BA8003C7616 /* Image+.swift */; };
		051096C92A60E3D50084EF58 /* SFSymbols.swift in Sources */ = {isa = PBXBuildFile; fileRef = 052138A52A543A1E003C7616 /* SFSymbols.swift */; };
		051096CA2A60E6520084EF58 /* View+.swift in Sources */ = {isa = PBXBuildFile; fileRef = 052138B52A544F84003C7616 /* View+.swift */; };
		051096CB2A60E6560084EF58 /* Text+.swift in Sources */ = {isa = PBXBuildFile; fileRef = 059BF5B32A546252009985EB /* Text+.swift */; };
		051096CC2A60E65A0084EF58 /* Shape+.swift in Sources */ = {isa = PBXBuildFile; fileRef = 059BF5B62A546B34009985EB /* Shape+.swift */; };
		051096CD2A60E6620084EF58 /* Sequence+.swift in Sources */ = {isa = PBXBuildFile; fileRef = 059BF5C22A5553D9009985EB /* Sequence+.swift */; };
		051096CE2A60E6650084EF58 /* Color+.swift in Sources */ = {isa = PBXBuildFile; fileRef = 059BF5C52A55BEAD009985EB /* Color+.swift */; };
		051096CF2A60E6680084EF58 /* Collection+.swift in Sources */ = {isa = PBXBuildFile; fileRef = 059AF5A72A56721E003A3BA4 /* Collection+.swift */; };
		051096D02A60E66E0084EF58 /* Date+.swift in Sources */ = {isa = PBXBuildFile; fileRef = 059AF5CE2A57E356003A3BA4 /* Date+.swift */; };
		051096D12A60FAD60084EF58 /* CacheAsyncImageView.swift in Sources */ = {isa = PBXBuildFile; fileRef = 059AF5C52A57ABCE003A3BA4 /* CacheAsyncImageView.swift */; };
		052138912A5435B8003C7616 /* GithubRepositoryAppApp.swift in Sources */ = {isa = PBXBuildFile; fileRef = 052138902A5435B8003C7616 /* GithubRepositoryAppApp.swift */; };
		052138952A5435B8003C7616 /* Assets.xcassets in Resources */ = {isa = PBXBuildFile; fileRef = 052138942A5435B8003C7616 /* Assets.xcassets */; };
		052138982A5435B8003C7616 /* Preview Assets.xcassets in Resources */ = {isa = PBXBuildFile; fileRef = 052138972A5435B8003C7616 /* Preview Assets.xcassets */; };
		052138A22A5437F9003C7616 /* RootView.swift in Sources */ = {isa = PBXBuildFile; fileRef = 052138A12A5437F9003C7616 /* RootView.swift */; };
		052138A62A543A1E003C7616 /* SFSymbols.swift in Sources */ = {isa = PBXBuildFile; fileRef = 052138A52A543A1E003C7616 /* SFSymbols.swift */; };
		052138A92A543BA8003C7616 /* Image+.swift in Sources */ = {isa = PBXBuildFile; fileRef = 052138A82A543BA8003C7616 /* Image+.swift */; };
		052138AD2A543C8F003C7616 /* AllRepositoryView.swift in Sources */ = {isa = PBXBuildFile; fileRef = 052138AC2A543C8F003C7616 /* AllRepositoryView.swift */; };
		052138B02A543E1C003C7616 /* SharedInfo.swift in Sources */ = {isa = PBXBuildFile; fileRef = 052138AF2A543E1C003C7616 /* SharedInfo.swift */; };
		052138B32A54455D003C7616 /* AllRepositoryViewModel.swift in Sources */ = {isa = PBXBuildFile; fileRef = 052138B22A54455D003C7616 /* AllRepositoryViewModel.swift */; };
		052138B62A544F84003C7616 /* View+.swift in Sources */ = {isa = PBXBuildFile; fileRef = 052138B52A544F84003C7616 /* View+.swift */; };
		0596F1F72A6171B60070E96C /* SingleUserWidget.swift in Sources */ = {isa = PBXBuildFile; fileRef = 0596F1F62A6171B60070E96C /* SingleUserWidget.swift */; };
		0596F1F82A6171B60070E96C /* SingleUserWidget.swift in Sources */ = {isa = PBXBuildFile; fileRef = 0596F1F62A6171B60070E96C /* SingleUserWidget.swift */; };
		0596F1F92A6171B60070E96C /* SingleUserWidget.swift in Sources */ = {isa = PBXBuildFile; fileRef = 0596F1F62A6171B60070E96C /* SingleUserWidget.swift */; };
		0596F1FA2A6171B60070E96C /* SingleUserWidget.swift in Sources */ = {isa = PBXBuildFile; fileRef = 0596F1F62A6171B60070E96C /* SingleUserWidget.swift */; };
		0596F1FC2A6176B70070E96C /* SingleUserWidgetView.swift in Sources */ = {isa = PBXBuildFile; fileRef = 0596F1FB2A6176B70070E96C /* SingleUserWidgetView.swift */; };
		0596F1FD2A6176B70070E96C /* SingleUserWidgetView.swift in Sources */ = {isa = PBXBuildFile; fileRef = 0596F1FB2A6176B70070E96C /* SingleUserWidgetView.swift */; };
		0596F1FE2A6176B70070E96C /* SingleUserWidgetView.swift in Sources */ = {isa = PBXBuildFile; fileRef = 0596F1FB2A6176B70070E96C /* SingleUserWidgetView.swift */; };
		0596F1FF2A6176B70070E96C /* SingleUserWidgetView.swift in Sources */ = {isa = PBXBuildFile; fileRef = 0596F1FB2A6176B70070E96C /* SingleUserWidgetView.swift */; };
		0596F2012A6176E80070E96C /* SingleUserWidgetProvider.swift in Sources */ = {isa = PBXBuildFile; fileRef = 0596F2002A6176E80070E96C /* SingleUserWidgetProvider.swift */; };
		0596F2022A6176E80070E96C /* SingleUserWidgetProvider.swift in Sources */ = {isa = PBXBuildFile; fileRef = 0596F2002A6176E80070E96C /* SingleUserWidgetProvider.swift */; };
		0596F2032A6176E80070E96C /* SingleUserWidgetProvider.swift in Sources */ = {isa = PBXBuildFile; fileRef = 0596F2002A6176E80070E96C /* SingleUserWidgetProvider.swift */; };
		0596F2042A6176E80070E96C /* SingleUserWidgetProvider.swift in Sources */ = {isa = PBXBuildFile; fileRef = 0596F2002A6176E80070E96C /* SingleUserWidgetProvider.swift */; };
		0596F2062A6177320070E96C /* SingleUserPlaceholderSnapshotView.swift in Sources */ = {isa = PBXBuildFile; fileRef = 0596F2052A6177320070E96C /* SingleUserPlaceholderSnapshotView.swift */; };
		0596F2072A6177320070E96C /* SingleUserPlaceholderSnapshotView.swift in Sources */ = {isa = PBXBuildFile; fileRef = 0596F2052A6177320070E96C /* SingleUserPlaceholderSnapshotView.swift */; };
		0596F2082A6177320070E96C /* SingleUserPlaceholderSnapshotView.swift in Sources */ = {isa = PBXBuildFile; fileRef = 0596F2052A6177320070E96C /* SingleUserPlaceholderSnapshotView.swift */; };
		0596F2092A6177320070E96C /* SingleUserPlaceholderSnapshotView.swift in Sources */ = {isa = PBXBuildFile; fileRef = 0596F2052A6177320070E96C /* SingleUserPlaceholderSnapshotView.swift */; };
		0596F20B2A617C530070E96C /* SingleUserNoInternetView.swift in Sources */ = {isa = PBXBuildFile; fileRef = 0596F20A2A617C530070E96C /* SingleUserNoInternetView.swift */; };
		0596F20C2A617C530070E96C /* SingleUserNoInternetView.swift in Sources */ = {isa = PBXBuildFile; fileRef = 0596F20A2A617C530070E96C /* SingleUserNoInternetView.swift */; };
		0596F20D2A617C530070E96C /* SingleUserNoInternetView.swift in Sources */ = {isa = PBXBuildFile; fileRef = 0596F20A2A617C530070E96C /* SingleUserNoInternetView.swift */; };
		0596F20E2A617C530070E96C /* SingleUserNoInternetView.swift in Sources */ = {isa = PBXBuildFile; fileRef = 0596F20A2A617C530070E96C /* SingleUserNoInternetView.swift */; };
		0596F2102A6180660070E96C /* SingleUserNormalView.swift in Sources */ = {isa = PBXBuildFile; fileRef = 0596F20F2A6180660070E96C /* SingleUserNormalView.swift */; };
		0596F2112A6180660070E96C /* SingleUserNormalView.swift in Sources */ = {isa = PBXBuildFile; fileRef = 0596F20F2A6180660070E96C /* SingleUserNormalView.swift */; };
		0596F2122A6180660070E96C /* SingleUserNormalView.swift in Sources */ = {isa = PBXBuildFile; fileRef = 0596F20F2A6180660070E96C /* SingleUserNormalView.swift */; };
		0596F2132A6180660070E96C /* SingleUserNormalView.swift in Sources */ = {isa = PBXBuildFile; fileRef = 0596F20F2A6180660070E96C /* SingleUserNormalView.swift */; };
		059AF5A82A56721E003A3BA4 /* Collection+.swift in Sources */ = {isa = PBXBuildFile; fileRef = 059AF5A72A56721E003A3BA4 /* Collection+.swift */; };
		059AF5A92A5673A5003A3BA4 /* Collection+.swift in Sources */ = {isa = PBXBuildFile; fileRef = 059AF5A72A56721E003A3BA4 /* Collection+.swift */; };
		059AF5AD2A56AE7F003A3BA4 /* RepositoryDetailView.swift in Sources */ = {isa = PBXBuildFile; fileRef = 059AF5AC2A56AE7F003A3BA4 /* RepositoryDetailView.swift */; };
		059AF5AE2A56B2EA003A3BA4 /* RepositoryDetailView.swift in Sources */ = {isa = PBXBuildFile; fileRef = 059AF5AC2A56AE7F003A3BA4 /* RepositoryDetailView.swift */; };
		059AF5B52A56FEAD003A3BA4 /* RepositoryDetailModel.swift in Sources */ = {isa = PBXBuildFile; fileRef = 059AF5B42A56FEAD003A3BA4 /* RepositoryDetailModel.swift */; };
		059AF5B62A56FEAD003A3BA4 /* RepositoryDetailModel.swift in Sources */ = {isa = PBXBuildFile; fileRef = 059AF5B42A56FEAD003A3BA4 /* RepositoryDetailModel.swift */; };
		059AF5B82A57066C003A3BA4 /* RepositoryOwnerModel.swift in Sources */ = {isa = PBXBuildFile; fileRef = 059AF5B72A57066C003A3BA4 /* RepositoryOwnerModel.swift */; };
		059AF5B92A57066C003A3BA4 /* RepositoryOwnerModel.swift in Sources */ = {isa = PBXBuildFile; fileRef = 059AF5B72A57066C003A3BA4 /* RepositoryOwnerModel.swift */; };
		059AF5BF2A57AB1B003A3BA4 /* URLSession+.swift in Sources */ = {isa = PBXBuildFile; fileRef = 059AF5BE2A57AB1B003A3BA4 /* URLSession+.swift */; };
		059AF5C02A57AB1B003A3BA4 /* URLSession+.swift in Sources */ = {isa = PBXBuildFile; fileRef = 059AF5BE2A57AB1B003A3BA4 /* URLSession+.swift */; };
		059AF5C22A57AB29003A3BA4 /* URLCache+.swift in Sources */ = {isa = PBXBuildFile; fileRef = 059AF5C12A57AB29003A3BA4 /* URLCache+.swift */; };
		059AF5C32A57AB29003A3BA4 /* URLCache+.swift in Sources */ = {isa = PBXBuildFile; fileRef = 059AF5C12A57AB29003A3BA4 /* URLCache+.swift */; };
		059AF5C62A57ABCE003A3BA4 /* CacheAsyncImageView.swift in Sources */ = {isa = PBXBuildFile; fileRef = 059AF5C52A57ABCE003A3BA4 /* CacheAsyncImageView.swift */; };
		059AF5C72A57ABCE003A3BA4 /* CacheAsyncImageView.swift in Sources */ = {isa = PBXBuildFile; fileRef = 059AF5C52A57ABCE003A3BA4 /* CacheAsyncImageView.swift */; };
		059AF5CC2A57B775003A3BA4 /* URLSession+uiImageTest.swift in Sources */ = {isa = PBXBuildFile; fileRef = 059AF5CB2A57B775003A3BA4 /* URLSession+uiImageTest.swift */; };
		059AF5CF2A57E356003A3BA4 /* Date+.swift in Sources */ = {isa = PBXBuildFile; fileRef = 059AF5CE2A57E356003A3BA4 /* Date+.swift */; };
		059AF5D22A584BE5003A3BA4 /* Http+HttpsRequestManager.swift in Sources */ = {isa = PBXBuildFile; fileRef = 059AF5D12A584BE5003A3BA4 /* Http+HttpsRequestManager.swift */; };
		059AF5D32A585638003A3BA4 /* Http+HttpsRequestManager.swift in Sources */ = {isa = PBXBuildFile; fileRef = 059AF5D12A584BE5003A3BA4 /* Http+HttpsRequestManager.swift */; };
		059AF5D52A58564C003A3BA4 /* Http+HttpsRequestManagerTest.swift in Sources */ = {isa = PBXBuildFile; fileRef = 059AF5D42A58564C003A3BA4 /* Http+HttpsRequestManagerTest.swift */; };
		059AF5D62A58570F003A3BA4 /* Date+.swift in Sources */ = {isa = PBXBuildFile; fileRef = 059AF5CE2A57E356003A3BA4 /* Date+.swift */; };
		059AF5D72A585731003A3BA4 /* AllRepositoryView.swift in Sources */ = {isa = PBXBuildFile; fileRef = 052138AC2A543C8F003C7616 /* AllRepositoryView.swift */; };
		059AF5DE2A594442003A3BA4 /* ModifyInStruct.swift in Sources */ = {isa = PBXBuildFile; fileRef = 059AF5DD2A594442003A3BA4 /* ModifyInStruct.swift */; };
		059BF5B02A545B73009985EB /* GitRepoAlertView.swift in Sources */ = {isa = PBXBuildFile; fileRef = 059BF5AF2A545B73009985EB /* GitRepoAlertView.swift */; };
		059BF5B42A546252009985EB /* Text+.swift in Sources */ = {isa = PBXBuildFile; fileRef = 059BF5B32A546252009985EB /* Text+.swift */; };
		059BF5B72A546B34009985EB /* Shape+.swift in Sources */ = {isa = PBXBuildFile; fileRef = 059BF5B62A546B34009985EB /* Shape+.swift */; };
		059BF5BA2A55346E009985EB /* String+.swift in Sources */ = {isa = PBXBuildFile; fileRef = 059BF5B92A55346E009985EB /* String+.swift */; };
		059BF5BD2A554B75009985EB /* RepositoryModel.swift in Sources */ = {isa = PBXBuildFile; fileRef = 059BF5BC2A554B75009985EB /* RepositoryModel.swift */; };
		059BF5C02A5550B3009985EB /* OperationOverloading.swift in Sources */ = {isa = PBXBuildFile; fileRef = 059BF5BF2A5550B3009985EB /* OperationOverloading.swift */; };
		059BF5C32A5553D9009985EB /* Sequence+.swift in Sources */ = {isa = PBXBuildFile; fileRef = 059BF5C22A5553D9009985EB /* Sequence+.swift */; };
		059BF5C62A55BEAD009985EB /* Color+.swift in Sources */ = {isa = PBXBuildFile; fileRef = 059BF5C52A55BEAD009985EB /* Color+.swift */; };
		059BF5D52A55C667009985EB /* AllRepositoryViewModelTest.swift in Sources */ = {isa = PBXBuildFile; fileRef = 059BF5D42A55C667009985EB /* AllRepositoryViewModelTest.swift */; };
		059BF5D62A55C6E8009985EB /* AllRepositoryViewModel.swift in Sources */ = {isa = PBXBuildFile; fileRef = 052138B22A54455D003C7616 /* AllRepositoryViewModel.swift */; };
		059BF5D72A55C6F6009985EB /* SharedInfo.swift in Sources */ = {isa = PBXBuildFile; fileRef = 052138AF2A543E1C003C7616 /* SharedInfo.swift */; };
		059BF5D82A55C6F9009985EB /* RepositoryModel.swift in Sources */ = {isa = PBXBuildFile; fileRef = 059BF5BC2A554B75009985EB /* RepositoryModel.swift */; };
		059BF5D92A55C8B6009985EB /* GitRepoAlertView.swift in Sources */ = {isa = PBXBuildFile; fileRef = 059BF5AF2A545B73009985EB /* GitRepoAlertView.swift */; };
		059BF5DA2A55C8D0009985EB /* String+.swift in Sources */ = {isa = PBXBuildFile; fileRef = 059BF5B92A55346E009985EB /* String+.swift */; };
		059BF5DB2A55C8E4009985EB /* Sequence+.swift in Sources */ = {isa = PBXBuildFile; fileRef = 059BF5C22A5553D9009985EB /* Sequence+.swift */; };
		059BF5DC2A55C931009985EB /* OperationOverloading.swift in Sources */ = {isa = PBXBuildFile; fileRef = 059BF5BF2A5550B3009985EB /* OperationOverloading.swift */; };
		059BF5DD2A55C93C009985EB /* SFSymbols.swift in Sources */ = {isa = PBXBuildFile; fileRef = 052138A52A543A1E003C7616 /* SFSymbols.swift */; };
		059BF5DE2A55C94C009985EB /* Color+.swift in Sources */ = {isa = PBXBuildFile; fileRef = 059BF5C52A55BEAD009985EB /* Color+.swift */; };
		059BF5DF2A55C955009985EB /* Shape+.swift in Sources */ = {isa = PBXBuildFile; fileRef = 059BF5B62A546B34009985EB /* Shape+.swift */; };
		059BF5E02A55C958009985EB /* Text+.swift in Sources */ = {isa = PBXBuildFile; fileRef = 059BF5B32A546252009985EB /* Text+.swift */; };
		059BF5E12A55C95B009985EB /* View+.swift in Sources */ = {isa = PBXBuildFile; fileRef = 052138B52A544F84003C7616 /* View+.swift */; };
		059BF5E22A55C95E009985EB /* Image+.swift in Sources */ = {isa = PBXBuildFile; fileRef = 052138A82A543BA8003C7616 /* Image+.swift */; };
		05A3F3762A5956E100B60475 /* RepositoryDetailModelTest.swift in Sources */ = {isa = PBXBuildFile; fileRef = 05A3F3752A5956E100B60475 /* RepositoryDetailModelTest.swift */; };
		05A3F3772A59595600B60475 /* ModifyInStruct.swift in Sources */ = {isa = PBXBuildFile; fileRef = 059AF5DD2A594442003A3BA4 /* ModifyInStruct.swift */; };
		05A3F3822A5BEFB600B60475 /* UserDefaultManager.swift in Sources */ = {isa = PBXBuildFile; fileRef = 05A3F3812A5BEFB600B60475 /* UserDefaultManager.swift */; };
		05A3F3852A5BF2E900B60475 /* UserDefaultManagerTest.swift in Sources */ = {isa = PBXBuildFile; fileRef = 05A3F3842A5BF2E900B60475 /* UserDefaultManagerTest.swift */; };
		05A3F3862A5BF46200B60475 /* UserDefaultManager.swift in Sources */ = {isa = PBXBuildFile; fileRef = 05A3F3812A5BEFB600B60475 /* UserDefaultManager.swift */; };
		05A3F38E2A5C2DEC00B60475 /* WidgetKit.framework in Frameworks */ = {isa = PBXBuildFile; fileRef = 05A3F38D2A5C2DEC00B60475 /* WidgetKit.framework */; };
		05A3F3902A5C2DEC00B60475 /* SwiftUI.framework in Frameworks */ = {isa = PBXBuildFile; fileRef = 05A3F38F2A5C2DEC00B60475 /* SwiftUI.framework */; };
		05A3F3932A5C2DEC00B60475 /* GithubRepositoryWidgetBundle.swift in Sources */ = {isa = PBXBuildFile; fileRef = 05A3F3922A5C2DEC00B60475 /* GithubRepositoryWidgetBundle.swift */; };
		05A3F3972A5C2DEE00B60475 /* Assets.xcassets in Resources */ = {isa = PBXBuildFile; fileRef = 05A3F3962A5C2DEE00B60475 /* Assets.xcassets */; };
		05A3F39B2A5C2DEE00B60475 /* GithubRepositoryWidgetExtension.appex in Embed Foundation Extensions */ = {isa = PBXBuildFile; fileRef = 05A3F38B2A5C2DEC00B60475 /* GithubRepositoryWidgetExtension.appex */; settings = {ATTRIBUTES = (RemoveHeadersOnCopy, ); }; };
		05A3F3A52A5C355200B60475 /* SingleRepoWidget.swift in Sources */ = {isa = PBXBuildFile; fileRef = 05A3F3A32A5C2E4800B60475 /* SingleRepoWidget.swift */; };
		05A3F3A62A5C356300B60475 /* RepositoryDetailModel.swift in Sources */ = {isa = PBXBuildFile; fileRef = 059AF5B42A56FEAD003A3BA4 /* RepositoryDetailModel.swift */; };
		05A3F3A72A5C356500B60475 /* RepositoryOwnerModel.swift in Sources */ = {isa = PBXBuildFile; fileRef = 059AF5B72A57066C003A3BA4 /* RepositoryOwnerModel.swift */; };
		05A3F3A82A5C357A00B60475 /* String+.swift in Sources */ = {isa = PBXBuildFile; fileRef = 059BF5B92A55346E009985EB /* String+.swift */; };
		05A3F3A92A5C357D00B60475 /* Date+.swift in Sources */ = {isa = PBXBuildFile; fileRef = 059AF5CE2A57E356003A3BA4 /* Date+.swift */; };
		05A3F3AA2A5C358100B60475 /* URLSession+.swift in Sources */ = {isa = PBXBuildFile; fileRef = 059AF5BE2A57AB1B003A3BA4 /* URLSession+.swift */; };
		05A3F3AB2A5C358300B60475 /* URLCache+.swift in Sources */ = {isa = PBXBuildFile; fileRef = 059AF5C12A57AB29003A3BA4 /* URLCache+.swift */; };
		05A3F3AC2A5C358600B60475 /* Collection+.swift in Sources */ = {isa = PBXBuildFile; fileRef = 059AF5A72A56721E003A3BA4 /* Collection+.swift */; };
		05A3F3AD2A5C358900B60475 /* Color+.swift in Sources */ = {isa = PBXBuildFile; fileRef = 059BF5C52A55BEAD009985EB /* Color+.swift */; };
		05A3F3AE2A5C358D00B60475 /* Sequence+.swift in Sources */ = {isa = PBXBuildFile; fileRef = 059BF5C22A5553D9009985EB /* Sequence+.swift */; };
		05A3F3AF2A5C359300B60475 /* Shape+.swift in Sources */ = {isa = PBXBuildFile; fileRef = 059BF5B62A546B34009985EB /* Shape+.swift */; };
		05A3F3B02A5C359600B60475 /* Text+.swift in Sources */ = {isa = PBXBuildFile; fileRef = 059BF5B32A546252009985EB /* Text+.swift */; };
		05A3F3B12A5C359900B60475 /* View+.swift in Sources */ = {isa = PBXBuildFile; fileRef = 052138B52A544F84003C7616 /* View+.swift */; };
		05A3F3B22A5C359C00B60475 /* Image+.swift in Sources */ = {isa = PBXBuildFile; fileRef = 052138A82A543BA8003C7616 /* Image+.swift */; };
		05A3F3B32A5C35A100B60475 /* SFSymbols.swift in Sources */ = {isa = PBXBuildFile; fileRef = 052138A52A543A1E003C7616 /* SFSymbols.swift */; };
		05A3F3B42A5C35A500B60475 /* ModifyInStruct.swift in Sources */ = {isa = PBXBuildFile; fileRef = 059AF5DD2A594442003A3BA4 /* ModifyInStruct.swift */; };
		05A3F3B52A5C35A800B60475 /* OperationOverloading.swift in Sources */ = {isa = PBXBuildFile; fileRef = 059BF5BF2A5550B3009985EB /* OperationOverloading.swift */; };
		05A3F3B62A5C35AB00B60475 /* Http+HttpsRequestManager.swift in Sources */ = {isa = PBXBuildFile; fileRef = 059AF5D12A584BE5003A3BA4 /* Http+HttpsRequestManager.swift */; };
		05A3F3B72A5C35AD00B60475 /* UserDefaultManager.swift in Sources */ = {isa = PBXBuildFile; fileRef = 05A3F3812A5BEFB600B60475 /* UserDefaultManager.swift */; };
		05A3F3B82A5C35B000B60475 /* CacheAsyncImageView.swift in Sources */ = {isa = PBXBuildFile; fileRef = 059AF5C52A57ABCE003A3BA4 /* CacheAsyncImageView.swift */; };
		05A3F3B92A5C35B500B60475 /* GitRepoAlertView.swift in Sources */ = {isa = PBXBuildFile; fileRef = 059BF5AF2A545B73009985EB /* GitRepoAlertView.swift */; };
		05A3F3BA2A5C35BB00B60475 /* AllRepositoryViewModel.swift in Sources */ = {isa = PBXBuildFile; fileRef = 052138B22A54455D003C7616 /* AllRepositoryViewModel.swift */; };
		05A3F3BB2A5C35BE00B60475 /* AllRepositoryView.swift in Sources */ = {isa = PBXBuildFile; fileRef = 052138AC2A543C8F003C7616 /* AllRepositoryView.swift */; };
		05A3F3BC2A5C35C500B60475 /* RepositoryDetailView.swift in Sources */ = {isa = PBXBuildFile; fileRef = 059AF5AC2A56AE7F003A3BA4 /* RepositoryDetailView.swift */; };
		05A3F3BD2A5C35C900B60475 /* RootView.swift in Sources */ = {isa = PBXBuildFile; fileRef = 052138A12A5437F9003C7616 /* RootView.swift */; };
		05A3F3BE2A5C35D000B60475 /* RepositoryModel.swift in Sources */ = {isa = PBXBuildFile; fileRef = 059BF5BC2A554B75009985EB /* RepositoryModel.swift */; };
		05A3F3BF2A5C35D400B60475 /* SharedInfo.swift in Sources */ = {isa = PBXBuildFile; fileRef = 052138AF2A543E1C003C7616 /* SharedInfo.swift */; };
		05A3F3C12A5C378700B60475 /* Placeholder+SnapshotView.swift in Sources */ = {isa = PBXBuildFile; fileRef = 05A3F3C02A5C378700B60475 /* Placeholder+SnapshotView.swift */; };
		05A3F3C32A5C409500B60475 /* NoInternetView.swift in Sources */ = {isa = PBXBuildFile; fileRef = 05A3F3C22A5C409500B60475 /* NoInternetView.swift */; };
		05A3F3C52A5C454000B60475 /* RepoInfoView.swift in Sources */ = {isa = PBXBuildFile; fileRef = 05A3F3C42A5C454000B60475 /* RepoInfoView.swift */; };
		05A3F3C72A5C530300B60475 /* SingleRepoProvider.swift in Sources */ = {isa = PBXBuildFile; fileRef = 05A3F3C62A5C530300B60475 /* SingleRepoProvider.swift */; };
		05A3F3C92A5C533700B60475 /* SingleRepoWidgetView.swift in Sources */ = {isa = PBXBuildFile; fileRef = 05A3F3C82A5C533700B60475 /* SingleRepoWidgetView.swift */; };
/* End PBXBuildFile section */

/* Begin PBXContainerItemProxy section */
		051096862A5CDF320084EF58 /* PBXContainerItemProxy */ = {
			isa = PBXContainerItemProxy;
			containerPortal = 052138852A5435B8003C7616 /* Project object */;
			proxyType = 1;
			remoteGlobalIDString = 0510967E2A5CDF320084EF58;
			remoteInfo = GithubReporitoryIntents;
		};
		059BF5CF2A55C1B6009985EB /* PBXContainerItemProxy */ = {
			isa = PBXContainerItemProxy;
			containerPortal = 052138852A5435B8003C7616 /* Project object */;
			proxyType = 1;
			remoteGlobalIDString = 0521388C2A5435B8003C7616;
			remoteInfo = GithubRepositoryApp;
		};
		05A3F3992A5C2DEE00B60475 /* PBXContainerItemProxy */ = {
			isa = PBXContainerItemProxy;
			containerPortal = 052138852A5435B8003C7616 /* Project object */;
			proxyType = 1;
			remoteGlobalIDString = 05A3F38A2A5C2DEC00B60475;
			remoteInfo = GithubRepositoryWidgetExtension;
		};
/* End PBXContainerItemProxy section */

/* Begin PBXCopyFilesBuildPhase section */
		05A3F39F2A5C2DEE00B60475 /* Embed Foundation Extensions */ = {
			isa = PBXCopyFilesBuildPhase;
			buildActionMask = 2147483647;
			dstPath = "";
			dstSubfolderSpec = 13;
			files = (
				051096882A5CDF320084EF58 /* GithubReporitoryIntents.appex in Embed Foundation Extensions */,
				05A3F39B2A5C2DEE00B60475 /* GithubRepositoryWidgetExtension.appex in Embed Foundation Extensions */,
			);
			name = "Embed Foundation Extensions";
			runOnlyForDeploymentPostprocessing = 0;
		};
/* End PBXCopyFilesBuildPhase section */

/* Begin PBXFileReference section */
		051096782A5CDD400084EF58 /* GihubRepositoryIntents.intentdefinition */ = {isa = PBXFileReference; lastKnownFileType = file.intentdefinition; path = GihubRepositoryIntents.intentdefinition; sourceTree = "<group>"; };
		0510967F2A5CDF320084EF58 /* GithubReporitoryIntents.appex */ = {isa = PBXFileReference; explicitFileType = "wrapper.app-extension"; includeInIndex = 0; path = GithubReporitoryIntents.appex; sourceTree = BUILT_PRODUCTS_DIR; };
		051096802A5CDF320084EF58 /* Intents.framework */ = {isa = PBXFileReference; lastKnownFileType = wrapper.framework; name = Intents.framework; path = System/Library/Frameworks/Intents.framework; sourceTree = SDKROOT; };
		051096832A5CDF320084EF58 /* IntentHandler.swift */ = {isa = PBXFileReference; lastKnownFileType = sourcecode.swift; path = IntentHandler.swift; sourceTree = "<group>"; };
		051096852A5CDF320084EF58 /* Info.plist */ = {isa = PBXFileReference; lastKnownFileType = text.plist.xml; path = Info.plist; sourceTree = "<group>"; };
		0510968C2A5CDF3F0084EF58 /* GithubReporitoryIntents.entitlements */ = {isa = PBXFileReference; lastKnownFileType = text.plist.entitlements; path = GithubReporitoryIntents.entitlements; sourceTree = "<group>"; };
		0510969C2A5D46B10084EF58 /* FollowUserView.swift */ = {isa = PBXFileReference; lastKnownFileType = sourcecode.swift; path = FollowUserView.swift; sourceTree = "<group>"; };
		051096A02A5D4C010084EF58 /* FollowUserViewModel.swift */ = {isa = PBXFileReference; lastKnownFileType = sourcecode.swift; path = FollowUserViewModel.swift; sourceTree = "<group>"; };
		051096A32A5D4FB40084EF58 /* UserFollowModel.swift */ = {isa = PBXFileReference; lastKnownFileType = sourcecode.swift; path = UserFollowModel.swift; sourceTree = "<group>"; };
		051096A82A5D8BDA0084EF58 /* UserFollowModelTest.swift */ = {isa = PBXFileReference; lastKnownFileType = sourcecode.swift; path = UserFollowModelTest.swift; sourceTree = "<group>"; };
		051096AE2A5DA3240084EF58 /* FollowUserDetailModel.swift */ = {isa = PBXFileReference; lastKnownFileType = sourcecode.swift; path = FollowUserDetailModel.swift; sourceTree = "<group>"; };
		051096B12A603D180084EF58 /* FollowUserDetailModelTest.swift */ = {isa = PBXFileReference; lastKnownFileType = sourcecode.swift; path = FollowUserDetailModelTest.swift; sourceTree = "<group>"; };
		051096B82A60DABD0084EF58 /* FollowUserDetailView.swift */ = {isa = PBXFileReference; lastKnownFileType = sourcecode.swift; path = FollowUserDetailView.swift; sourceTree = "<group>"; };
		051096BE2A60E16A0084EF58 /* FollowUserDetailNormalView.swift */ = {isa = PBXFileReference; lastKnownFileType = sourcecode.swift; path = FollowUserDetailNormalView.swift; sourceTree = "<group>"; };
		051096C32A60E1850084EF58 /* FollowUserDetailNoInternetView.swift */ = {isa = PBXFileReference; lastKnownFileType = sourcecode.swift; path = FollowUserDetailNoInternetView.swift; sourceTree = "<group>"; };
		0521388D2A5435B8003C7616 /* GithubRepositoryApp.app */ = {isa = PBXFileReference; explicitFileType = wrapper.application; includeInIndex = 0; path = GithubRepositoryApp.app; sourceTree = BUILT_PRODUCTS_DIR; };
		052138902A5435B8003C7616 /* GithubRepositoryAppApp.swift */ = {isa = PBXFileReference; lastKnownFileType = sourcecode.swift; path = GithubRepositoryAppApp.swift; sourceTree = "<group>"; };
		052138942A5435B8003C7616 /* Assets.xcassets */ = {isa = PBXFileReference; lastKnownFileType = folder.assetcatalog; path = Assets.xcassets; sourceTree = "<group>"; };
		052138972A5435B8003C7616 /* Preview Assets.xcassets */ = {isa = PBXFileReference; lastKnownFileType = folder.assetcatalog; path = "Preview Assets.xcassets"; sourceTree = "<group>"; };
		052138A12A5437F9003C7616 /* RootView.swift */ = {isa = PBXFileReference; lastKnownFileType = sourcecode.swift; path = RootView.swift; sourceTree = "<group>"; };
		052138A52A543A1E003C7616 /* SFSymbols.swift */ = {isa = PBXFileReference; lastKnownFileType = sourcecode.swift; path = SFSymbols.swift; sourceTree = "<group>"; };
		052138A82A543BA8003C7616 /* Image+.swift */ = {isa = PBXFileReference; lastKnownFileType = sourcecode.swift; path = "Image+.swift"; sourceTree = "<group>"; };
		052138AC2A543C8F003C7616 /* AllRepositoryView.swift */ = {isa = PBXFileReference; lastKnownFileType = sourcecode.swift; path = AllRepositoryView.swift; sourceTree = "<group>"; };
		052138AF2A543E1C003C7616 /* SharedInfo.swift */ = {isa = PBXFileReference; lastKnownFileType = sourcecode.swift; path = SharedInfo.swift; sourceTree = "<group>"; };
		052138B22A54455D003C7616 /* AllRepositoryViewModel.swift */ = {isa = PBXFileReference; lastKnownFileType = sourcecode.swift; path = AllRepositoryViewModel.swift; sourceTree = "<group>"; };
		052138B52A544F84003C7616 /* View+.swift */ = {isa = PBXFileReference; lastKnownFileType = sourcecode.swift; path = "View+.swift"; sourceTree = "<group>"; };
		052138B72A54506A003C7616 /* Info.plist */ = {isa = PBXFileReference; lastKnownFileType = text.plist; path = Info.plist; sourceTree = "<group>"; };
		0596F1F62A6171B60070E96C /* SingleUserWidget.swift */ = {isa = PBXFileReference; lastKnownFileType = sourcecode.swift; path = SingleUserWidget.swift; sourceTree = "<group>"; };
		0596F1FB2A6176B70070E96C /* SingleUserWidgetView.swift */ = {isa = PBXFileReference; lastKnownFileType = sourcecode.swift; path = SingleUserWidgetView.swift; sourceTree = "<group>"; };
		0596F2002A6176E80070E96C /* SingleUserWidgetProvider.swift */ = {isa = PBXFileReference; lastKnownFileType = sourcecode.swift; path = SingleUserWidgetProvider.swift; sourceTree = "<group>"; };
		0596F2052A6177320070E96C /* SingleUserPlaceholderSnapshotView.swift */ = {isa = PBXFileReference; lastKnownFileType = sourcecode.swift; path = SingleUserPlaceholderSnapshotView.swift; sourceTree = "<group>"; };
		0596F20A2A617C530070E96C /* SingleUserNoInternetView.swift */ = {isa = PBXFileReference; lastKnownFileType = sourcecode.swift; path = SingleUserNoInternetView.swift; sourceTree = "<group>"; };
		0596F20F2A6180660070E96C /* SingleUserNormalView.swift */ = {isa = PBXFileReference; lastKnownFileType = sourcecode.swift; path = SingleUserNormalView.swift; sourceTree = "<group>"; };
		059AF5A72A56721E003A3BA4 /* Collection+.swift */ = {isa = PBXFileReference; lastKnownFileType = sourcecode.swift; path = "Collection+.swift"; sourceTree = "<group>"; };
		059AF5AC2A56AE7F003A3BA4 /* RepositoryDetailView.swift */ = {isa = PBXFileReference; lastKnownFileType = sourcecode.swift; path = RepositoryDetailView.swift; sourceTree = "<group>"; };
		059AF5B42A56FEAD003A3BA4 /* RepositoryDetailModel.swift */ = {isa = PBXFileReference; lastKnownFileType = sourcecode.swift; path = RepositoryDetailModel.swift; sourceTree = "<group>"; };
		059AF5B72A57066C003A3BA4 /* RepositoryOwnerModel.swift */ = {isa = PBXFileReference; lastKnownFileType = sourcecode.swift; path = RepositoryOwnerModel.swift; sourceTree = "<group>"; };
		059AF5BE2A57AB1B003A3BA4 /* URLSession+.swift */ = {isa = PBXFileReference; lastKnownFileType = sourcecode.swift; path = "URLSession+.swift"; sourceTree = "<group>"; };
		059AF5C12A57AB29003A3BA4 /* URLCache+.swift */ = {isa = PBXFileReference; lastKnownFileType = sourcecode.swift; path = "URLCache+.swift"; sourceTree = "<group>"; };
		059AF5C52A57ABCE003A3BA4 /* CacheAsyncImageView.swift */ = {isa = PBXFileReference; lastKnownFileType = sourcecode.swift; path = CacheAsyncImageView.swift; sourceTree = "<group>"; };
		059AF5CB2A57B775003A3BA4 /* URLSession+uiImageTest.swift */ = {isa = PBXFileReference; lastKnownFileType = sourcecode.swift; path = "URLSession+uiImageTest.swift"; sourceTree = "<group>"; };
		059AF5CE2A57E356003A3BA4 /* Date+.swift */ = {isa = PBXFileReference; lastKnownFileType = sourcecode.swift; path = "Date+.swift"; sourceTree = "<group>"; };
		059AF5D12A584BE5003A3BA4 /* Http+HttpsRequestManager.swift */ = {isa = PBXFileReference; lastKnownFileType = sourcecode.swift; path = "Http+HttpsRequestManager.swift"; sourceTree = "<group>"; };
		059AF5D42A58564C003A3BA4 /* Http+HttpsRequestManagerTest.swift */ = {isa = PBXFileReference; lastKnownFileType = sourcecode.swift; path = "Http+HttpsRequestManagerTest.swift"; sourceTree = "<group>"; };
		059AF5DD2A594442003A3BA4 /* ModifyInStruct.swift */ = {isa = PBXFileReference; lastKnownFileType = sourcecode.swift; path = ModifyInStruct.swift; sourceTree = "<group>"; };
		059BF5AF2A545B73009985EB /* GitRepoAlertView.swift */ = {isa = PBXFileReference; lastKnownFileType = sourcecode.swift; path = GitRepoAlertView.swift; sourceTree = "<group>"; };
		059BF5B32A546252009985EB /* Text+.swift */ = {isa = PBXFileReference; lastKnownFileType = sourcecode.swift; path = "Text+.swift"; sourceTree = "<group>"; };
		059BF5B62A546B34009985EB /* Shape+.swift */ = {isa = PBXFileReference; lastKnownFileType = sourcecode.swift; path = "Shape+.swift"; sourceTree = "<group>"; };
		059BF5B92A55346E009985EB /* String+.swift */ = {isa = PBXFileReference; lastKnownFileType = sourcecode.swift; path = "String+.swift"; sourceTree = "<group>"; };
		059BF5BC2A554B75009985EB /* RepositoryModel.swift */ = {isa = PBXFileReference; lastKnownFileType = sourcecode.swift; path = RepositoryModel.swift; sourceTree = "<group>"; };
		059BF5BF2A5550B3009985EB /* OperationOverloading.swift */ = {isa = PBXFileReference; lastKnownFileType = sourcecode.swift; path = OperationOverloading.swift; sourceTree = "<group>"; };
		059BF5C22A5553D9009985EB /* Sequence+.swift */ = {isa = PBXFileReference; lastKnownFileType = sourcecode.swift; path = "Sequence+.swift"; sourceTree = "<group>"; };
		059BF5C52A55BEAD009985EB /* Color+.swift */ = {isa = PBXFileReference; lastKnownFileType = sourcecode.swift; path = "Color+.swift"; sourceTree = "<group>"; };
		059BF5CB2A55C1B6009985EB /* GithubRepositoryAppTests.xctest */ = {isa = PBXFileReference; explicitFileType = wrapper.cfbundle; includeInIndex = 0; path = GithubRepositoryAppTests.xctest; sourceTree = BUILT_PRODUCTS_DIR; };
		059BF5D42A55C667009985EB /* AllRepositoryViewModelTest.swift */ = {isa = PBXFileReference; lastKnownFileType = sourcecode.swift; path = AllRepositoryViewModelTest.swift; sourceTree = "<group>"; };
		05A3F3752A5956E100B60475 /* RepositoryDetailModelTest.swift */ = {isa = PBXFileReference; lastKnownFileType = sourcecode.swift; path = RepositoryDetailModelTest.swift; sourceTree = "<group>"; };
		05A3F3812A5BEFB600B60475 /* UserDefaultManager.swift */ = {isa = PBXFileReference; lastKnownFileType = sourcecode.swift; path = UserDefaultManager.swift; sourceTree = "<group>"; };
		05A3F3832A5BF00500B60475 /* GithubRepositoryApp.entitlements */ = {isa = PBXFileReference; lastKnownFileType = text.plist.entitlements; path = GithubRepositoryApp.entitlements; sourceTree = "<group>"; };
		05A3F3842A5BF2E900B60475 /* UserDefaultManagerTest.swift */ = {isa = PBXFileReference; lastKnownFileType = sourcecode.swift; path = UserDefaultManagerTest.swift; sourceTree = "<group>"; };
		05A3F38B2A5C2DEC00B60475 /* GithubRepositoryWidgetExtension.appex */ = {isa = PBXFileReference; explicitFileType = "wrapper.app-extension"; includeInIndex = 0; path = GithubRepositoryWidgetExtension.appex; sourceTree = BUILT_PRODUCTS_DIR; };
		05A3F38D2A5C2DEC00B60475 /* WidgetKit.framework */ = {isa = PBXFileReference; lastKnownFileType = wrapper.framework; name = WidgetKit.framework; path = System/Library/Frameworks/WidgetKit.framework; sourceTree = SDKROOT; };
		05A3F38F2A5C2DEC00B60475 /* SwiftUI.framework */ = {isa = PBXFileReference; lastKnownFileType = wrapper.framework; name = SwiftUI.framework; path = System/Library/Frameworks/SwiftUI.framework; sourceTree = SDKROOT; };
		05A3F3922A5C2DEC00B60475 /* GithubRepositoryWidgetBundle.swift */ = {isa = PBXFileReference; lastKnownFileType = sourcecode.swift; path = GithubRepositoryWidgetBundle.swift; sourceTree = "<group>"; };
		05A3F3962A5C2DEE00B60475 /* Assets.xcassets */ = {isa = PBXFileReference; lastKnownFileType = folder.assetcatalog; path = Assets.xcassets; sourceTree = "<group>"; };
		05A3F3982A5C2DEE00B60475 /* Info.plist */ = {isa = PBXFileReference; lastKnownFileType = text.plist.xml; path = Info.plist; sourceTree = "<group>"; };
		05A3F3A02A5C2DFA00B60475 /* GithubRepositoryWidgetExtension.entitlements */ = {isa = PBXFileReference; lastKnownFileType = text.plist.entitlements; path = GithubRepositoryWidgetExtension.entitlements; sourceTree = "<group>"; };
		05A3F3A32A5C2E4800B60475 /* SingleRepoWidget.swift */ = {isa = PBXFileReference; lastKnownFileType = sourcecode.swift; path = SingleRepoWidget.swift; sourceTree = "<group>"; };
		05A3F3C02A5C378700B60475 /* Placeholder+SnapshotView.swift */ = {isa = PBXFileReference; lastKnownFileType = sourcecode.swift; path = "Placeholder+SnapshotView.swift"; sourceTree = "<group>"; };
		05A3F3C22A5C409500B60475 /* NoInternetView.swift */ = {isa = PBXFileReference; lastKnownFileType = sourcecode.swift; path = NoInternetView.swift; sourceTree = "<group>"; };
		05A3F3C42A5C454000B60475 /* RepoInfoView.swift */ = {isa = PBXFileReference; lastKnownFileType = sourcecode.swift; path = RepoInfoView.swift; sourceTree = "<group>"; };
		05A3F3C62A5C530300B60475 /* SingleRepoProvider.swift */ = {isa = PBXFileReference; lastKnownFileType = sourcecode.swift; path = SingleRepoProvider.swift; sourceTree = "<group>"; };
		05A3F3C82A5C533700B60475 /* SingleRepoWidgetView.swift */ = {isa = PBXFileReference; lastKnownFileType = sourcecode.swift; path = SingleRepoWidgetView.swift; sourceTree = "<group>"; };
/* End PBXFileReference section */

/* Begin PBXFrameworksBuildPhase section */
		0510967C2A5CDF320084EF58 /* Frameworks */ = {
			isa = PBXFrameworksBuildPhase;
			buildActionMask = 2147483647;
			files = (
				051096812A5CDF320084EF58 /* Intents.framework in Frameworks */,
			);
			runOnlyForDeploymentPostprocessing = 0;
		};
		0521388A2A5435B8003C7616 /* Frameworks */ = {
			isa = PBXFrameworksBuildPhase;
			buildActionMask = 2147483647;
			files = (
			);
			runOnlyForDeploymentPostprocessing = 0;
		};
		059BF5C82A55C1B6009985EB /* Frameworks */ = {
			isa = PBXFrameworksBuildPhase;
			buildActionMask = 2147483647;
			files = (
			);
			runOnlyForDeploymentPostprocessing = 0;
		};
		05A3F3882A5C2DEC00B60475 /* Frameworks */ = {
			isa = PBXFrameworksBuildPhase;
			buildActionMask = 2147483647;
			files = (
				05A3F3902A5C2DEC00B60475 /* SwiftUI.framework in Frameworks */,
				05A3F38E2A5C2DEC00B60475 /* WidgetKit.framework in Frameworks */,
			);
			runOnlyForDeploymentPostprocessing = 0;
		};
/* End PBXFrameworksBuildPhase section */

/* Begin PBXGroup section */
		051096822A5CDF320084EF58 /* GithubReporitoryIntents */ = {
			isa = PBXGroup;
			children = (
				0510968C2A5CDF3F0084EF58 /* GithubReporitoryIntents.entitlements */,
				051096832A5CDF320084EF58 /* IntentHandler.swift */,
				051096852A5CDF320084EF58 /* Info.plist */,
			);
			path = GithubReporitoryIntents;
			sourceTree = "<group>";
		};
		0510969A2A5D46700084EF58 /* FollowUser */ = {
			isa = PBXGroup;
			children = (
				0510969F2A5D4BF90084EF58 /* ViewModel */,
				0510969B2A5D46AA0084EF58 /* View */,
			);
			path = FollowUser;
			sourceTree = "<group>";
		};
		0510969B2A5D46AA0084EF58 /* View */ = {
			isa = PBXGroup;
			children = (
				0510969C2A5D46B10084EF58 /* FollowUserView.swift */,
			);
			path = View;
			sourceTree = "<group>";
		};
		0510969F2A5D4BF90084EF58 /* ViewModel */ = {
			isa = PBXGroup;
			children = (
				051096A02A5D4C010084EF58 /* FollowUserViewModel.swift */,
			);
			path = ViewModel;
			sourceTree = "<group>";
		};
		051096AB2A5DA2EB0084EF58 /* FollowUserDetail */ = {
			isa = PBXGroup;
			children = (
				051096AD2A5DA30E0084EF58 /* Model */,
				051096AC2A5DA30A0084EF58 /* View */,
			);
			path = FollowUserDetail;
			sourceTree = "<group>";
		};
		051096AC2A5DA30A0084EF58 /* View */ = {
			isa = PBXGroup;
			children = (
				051096BD2A60E15D0084EF58 /* SubView */,
				051096B82A60DABD0084EF58 /* FollowUserDetailView.swift */,
			);
			path = View;
			sourceTree = "<group>";
		};
		051096AD2A5DA30E0084EF58 /* Model */ = {
			isa = PBXGroup;
			children = (
				051096AE2A5DA3240084EF58 /* FollowUserDetailModel.swift */,
			);
			path = Model;
			sourceTree = "<group>";
		};
		051096BD2A60E15D0084EF58 /* SubView */ = {
			isa = PBXGroup;
			children = (
				051096BE2A60E16A0084EF58 /* FollowUserDetailNormalView.swift */,
				051096C32A60E1850084EF58 /* FollowUserDetailNoInternetView.swift */,
			);
			path = SubView;
			sourceTree = "<group>";
		};
		052138842A5435B8003C7616 = {
			isa = PBXGroup;
			children = (
				05A3F3A02A5C2DFA00B60475 /* GithubRepositoryWidgetExtension.entitlements */,
				0521388F2A5435B8003C7616 /* GithubRepositoryApp */,
				05A3F3912A5C2DEC00B60475 /* GithubRepositoryWidget */,
				051096822A5CDF320084EF58 /* GithubReporitoryIntents */,
				059BF5CC2A55C1B6009985EB /* GithubRepositoryAppTests */,
				05A3F38C2A5C2DEC00B60475 /* Frameworks */,
				0521388E2A5435B8003C7616 /* Products */,
			);
			sourceTree = "<group>";
		};
		0521388E2A5435B8003C7616 /* Products */ = {
			isa = PBXGroup;
			children = (
				0521388D2A5435B8003C7616 /* GithubRepositoryApp.app */,
				059BF5CB2A55C1B6009985EB /* GithubRepositoryAppTests.xctest */,
				05A3F38B2A5C2DEC00B60475 /* GithubRepositoryWidgetExtension.appex */,
				0510967F2A5CDF320084EF58 /* GithubReporitoryIntents.appex */,
			);
			name = Products;
			sourceTree = "<group>";
		};
		0521388F2A5435B8003C7616 /* GithubRepositoryApp */ = {
			isa = PBXGroup;
			children = (
				05A3F3832A5BF00500B60475 /* GithubRepositoryApp.entitlements */,
				052138B72A54506A003C7616 /* Info.plist */,
				052138A32A543998003C7616 /* Extensions */,
				052138A42A543A02003C7616 /* SFSymbols */,
				059AF5DC2A59442B003A3BA4 /* PropertyWrapper */,
				059BF5BE2A55509F009985EB /* Utils */,
				059AF5D02A584BAE003A3BA4 /* Manager */,
				059AF5C42A57AB9C003A3BA4 /* CommonView */,
				0521389E2A5437D9003C7616 /* Core */,
				052138902A5435B8003C7616 /* GithubRepositoryAppApp.swift */,
				052138942A5435B8003C7616 /* Assets.xcassets */,
				052138962A5435B8003C7616 /* Preview Content */,
			);
			path = GithubRepositoryApp;
			sourceTree = "<group>";
		};
		052138962A5435B8003C7616 /* Preview Content */ = {
			isa = PBXGroup;
			children = (
				052138972A5435B8003C7616 /* Preview Assets.xcassets */,
			);
			path = "Preview Content";
			sourceTree = "<group>";
		};
		0521389E2A5437D9003C7616 /* Core */ = {
			isa = PBXGroup;
			children = (
				052138B82A545A89003C7616 /* Alert */,
				0510969A2A5D46700084EF58 /* FollowUser */,
				051096AB2A5DA2EB0084EF58 /* FollowUserDetail */,
				052138AA2A543C0B003C7616 /* AllRepository */,
				059AF5AA2A56AE55003A3BA4 /* RepositoryDetail */,
				0521389F2A5437E1003C7616 /* Root */,
				052138AE2A543DC7003C7616 /* SharedInfo */,
			);
			path = Core;
			sourceTree = "<group>";
		};
		0521389F2A5437E1003C7616 /* Root */ = {
			isa = PBXGroup;
			children = (
				052138A02A5437E6003C7616 /* View */,
			);
			path = Root;
			sourceTree = "<group>";
		};
		052138A02A5437E6003C7616 /* View */ = {
			isa = PBXGroup;
			children = (
				052138A12A5437F9003C7616 /* RootView.swift */,
			);
			path = View;
			sourceTree = "<group>";
		};
		052138A32A543998003C7616 /* Extensions */ = {
			isa = PBXGroup;
			children = (
				059AF5CD2A57E34F003A3BA4 /* Date */,
				059AF5BD2A57AAFE003A3BA4 /* URL */,
				059BF5E32A5671F7009985EB /* Collection */,
				059BF5C42A55BEA8009985EB /* Color */,
				059BF5C12A5553CC009985EB /* Sequence */,
				059BF5B82A553467009985EB /* String */,
				059BF5B52A546B2C009985EB /* Shape */,
				059BF5B22A54624A009985EB /* Text */,
				052138B42A544F79003C7616 /* View */,
				052138A72A543B9A003C7616 /* Image */,
			);
			path = Extensions;
			sourceTree = "<group>";
		};
		052138A42A543A02003C7616 /* SFSymbols */ = {
			isa = PBXGroup;
			children = (
				052138A52A543A1E003C7616 /* SFSymbols.swift */,
			);
			path = SFSymbols;
			sourceTree = "<group>";
		};
		052138A72A543B9A003C7616 /* Image */ = {
			isa = PBXGroup;
			children = (
				052138A82A543BA8003C7616 /* Image+.swift */,
			);
			path = Image;
			sourceTree = "<group>";
		};
		052138AA2A543C0B003C7616 /* AllRepository */ = {
			isa = PBXGroup;
			children = (
				052138B12A544550003C7616 /* ViewModel */,
				052138AB2A543C41003C7616 /* View */,
			);
			path = AllRepository;
			sourceTree = "<group>";
		};
		052138AB2A543C41003C7616 /* View */ = {
			isa = PBXGroup;
			children = (
				052138AC2A543C8F003C7616 /* AllRepositoryView.swift */,
			);
			path = View;
			sourceTree = "<group>";
		};
		052138AE2A543DC7003C7616 /* SharedInfo */ = {
			isa = PBXGroup;
			children = (
				059BF5BB2A554B66009985EB /* Model */,
				052138AF2A543E1C003C7616 /* SharedInfo.swift */,
			);
			path = SharedInfo;
			sourceTree = "<group>";
		};
		052138B12A544550003C7616 /* ViewModel */ = {
			isa = PBXGroup;
			children = (
				052138B22A54455D003C7616 /* AllRepositoryViewModel.swift */,
			);
			path = ViewModel;
			sourceTree = "<group>";
		};
		052138B42A544F79003C7616 /* View */ = {
			isa = PBXGroup;
			children = (
				052138B52A544F84003C7616 /* View+.swift */,
			);
			path = View;
			sourceTree = "<group>";
		};
		052138B82A545A89003C7616 /* Alert */ = {
			isa = PBXGroup;
			children = (
				052138B92A545A97003C7616 /* View */,
			);
			path = Alert;
			sourceTree = "<group>";
		};
		052138B92A545A97003C7616 /* View */ = {
			isa = PBXGroup;
			children = (
				059BF5AF2A545B73009985EB /* GitRepoAlertView.swift */,
			);
			path = View;
			sourceTree = "<group>";
		};
		0596F1F32A6171200070E96C /* SingleUserWidget */ = {
			isa = PBXGroup;
			children = (
				0596F1F52A6171990070E96C /* MainWidget */,
				0596F1F42A6171830070E96C /* SubView */,
			);
			path = SingleUserWidget;
			sourceTree = "<group>";
		};
		0596F1F42A6171830070E96C /* SubView */ = {
			isa = PBXGroup;
			children = (
				0596F2052A6177320070E96C /* SingleUserPlaceholderSnapshotView.swift */,
				0596F20A2A617C530070E96C /* SingleUserNoInternetView.swift */,
				0596F20F2A6180660070E96C /* SingleUserNormalView.swift */,
			);
			path = SubView;
			sourceTree = "<group>";
		};
		0596F1F52A6171990070E96C /* MainWidget */ = {
			isa = PBXGroup;
			children = (
				0596F1F62A6171B60070E96C /* SingleUserWidget.swift */,
				0596F1FB2A6176B70070E96C /* SingleUserWidgetView.swift */,
				0596F2002A6176E80070E96C /* SingleUserWidgetProvider.swift */,
			);
			path = MainWidget;
			sourceTree = "<group>";
		};
		059AF5AA2A56AE55003A3BA4 /* RepositoryDetail */ = {
			isa = PBXGroup;
			children = (
				059AF5B32A56FE94003A3BA4 /* Model */,
				059AF5AB2A56AE70003A3BA4 /* View */,
			);
			path = RepositoryDetail;
			sourceTree = "<group>";
		};
		059AF5AB2A56AE70003A3BA4 /* View */ = {
			isa = PBXGroup;
			children = (
				059AF5AC2A56AE7F003A3BA4 /* RepositoryDetailView.swift */,
			);
			path = View;
			sourceTree = "<group>";
		};
		059AF5B32A56FE94003A3BA4 /* Model */ = {
			isa = PBXGroup;
			children = (
				059AF5B42A56FEAD003A3BA4 /* RepositoryDetailModel.swift */,
				059AF5B72A57066C003A3BA4 /* RepositoryOwnerModel.swift */,
			);
			path = Model;
			sourceTree = "<group>";
		};
		059AF5BD2A57AAFE003A3BA4 /* URL */ = {
			isa = PBXGroup;
			children = (
				059AF5BE2A57AB1B003A3BA4 /* URLSession+.swift */,
				059AF5C12A57AB29003A3BA4 /* URLCache+.swift */,
			);
			path = URL;
			sourceTree = "<group>";
		};
		059AF5C42A57AB9C003A3BA4 /* CommonView */ = {
			isa = PBXGroup;
			children = (
				059AF5C52A57ABCE003A3BA4 /* CacheAsyncImageView.swift */,
			);
			path = CommonView;
			sourceTree = "<group>";
		};
		059AF5CD2A57E34F003A3BA4 /* Date */ = {
			isa = PBXGroup;
			children = (
				059AF5CE2A57E356003A3BA4 /* Date+.swift */,
			);
			path = Date;
			sourceTree = "<group>";
		};
		059AF5D02A584BAE003A3BA4 /* Manager */ = {
			isa = PBXGroup;
			children = (
				059AF5D12A584BE5003A3BA4 /* Http+HttpsRequestManager.swift */,
				05A3F3812A5BEFB600B60475 /* UserDefaultManager.swift */,
			);
			path = Manager;
			sourceTree = "<group>";
		};
		059AF5DC2A59442B003A3BA4 /* PropertyWrapper */ = {
			isa = PBXGroup;
			children = (
				059AF5DD2A594442003A3BA4 /* ModifyInStruct.swift */,
			);
			path = PropertyWrapper;
			sourceTree = "<group>";
		};
		059BF5B22A54624A009985EB /* Text */ = {
			isa = PBXGroup;
			children = (
				059BF5B32A546252009985EB /* Text+.swift */,
			);
			path = Text;
			sourceTree = "<group>";
		};
		059BF5B52A546B2C009985EB /* Shape */ = {
			isa = PBXGroup;
			children = (
				059BF5B62A546B34009985EB /* Shape+.swift */,
			);
			path = Shape;
			sourceTree = "<group>";
		};
		059BF5B82A553467009985EB /* String */ = {
			isa = PBXGroup;
			children = (
				059BF5B92A55346E009985EB /* String+.swift */,
			);
			path = String;
			sourceTree = "<group>";
		};
		059BF5BB2A554B66009985EB /* Model */ = {
			isa = PBXGroup;
			children = (
				059BF5BC2A554B75009985EB /* RepositoryModel.swift */,
				051096A32A5D4FB40084EF58 /* UserFollowModel.swift */,
			);
			path = Model;
			sourceTree = "<group>";
		};
		059BF5BE2A55509F009985EB /* Utils */ = {
			isa = PBXGroup;
			children = (
				059BF5BF2A5550B3009985EB /* OperationOverloading.swift */,
			);
			path = Utils;
			sourceTree = "<group>";
		};
		059BF5C12A5553CC009985EB /* Sequence */ = {
			isa = PBXGroup;
			children = (
				059BF5C22A5553D9009985EB /* Sequence+.swift */,
			);
			path = Sequence;
			sourceTree = "<group>";
		};
		059BF5C42A55BEA8009985EB /* Color */ = {
			isa = PBXGroup;
			children = (
				059BF5C52A55BEAD009985EB /* Color+.swift */,
			);
			path = Color;
			sourceTree = "<group>";
		};
		059BF5CC2A55C1B6009985EB /* GithubRepositoryAppTests */ = {
			isa = PBXGroup;
			children = (
				059BF5D42A55C667009985EB /* AllRepositoryViewModelTest.swift */,
				059AF5CB2A57B775003A3BA4 /* URLSession+uiImageTest.swift */,
				059AF5D42A58564C003A3BA4 /* Http+HttpsRequestManagerTest.swift */,
				05A3F3752A5956E100B60475 /* RepositoryDetailModelTest.swift */,
				05A3F3842A5BF2E900B60475 /* UserDefaultManagerTest.swift */,
				051096A82A5D8BDA0084EF58 /* UserFollowModelTest.swift */,
				051096B12A603D180084EF58 /* FollowUserDetailModelTest.swift */,
			);
			path = GithubRepositoryAppTests;
			sourceTree = "<group>";
		};
		059BF5E32A5671F7009985EB /* Collection */ = {
			isa = PBXGroup;
			children = (
				059AF5A72A56721E003A3BA4 /* Collection+.swift */,
			);
			path = Collection;
			sourceTree = "<group>";
		};
		05A3F38C2A5C2DEC00B60475 /* Frameworks */ = {
			isa = PBXGroup;
			children = (
				05A3F38D2A5C2DEC00B60475 /* WidgetKit.framework */,
				05A3F38F2A5C2DEC00B60475 /* SwiftUI.framework */,
				051096802A5CDF320084EF58 /* Intents.framework */,
			);
			name = Frameworks;
			sourceTree = "<group>";
		};
		05A3F3912A5C2DEC00B60475 /* GithubRepositoryWidget */ = {
			isa = PBXGroup;
			children = (
				0596F1F32A6171200070E96C /* SingleUserWidget */,
				05A3F3A12A5C2E2C00B60475 /* SingleRepoWidget */,
				05A3F3922A5C2DEC00B60475 /* GithubRepositoryWidgetBundle.swift */,
				05A3F3962A5C2DEE00B60475 /* Assets.xcassets */,
				05A3F3982A5C2DEE00B60475 /* Info.plist */,
				051096782A5CDD400084EF58 /* GihubRepositoryIntents.intentdefinition */,
			);
			path = GithubRepositoryWidget;
			sourceTree = "<group>";
		};
		05A3F3A12A5C2E2C00B60475 /* SingleRepoWidget */ = {
			isa = PBXGroup;
			children = (
				05A3F3CA2A5C53D300B60475 /* MainWidget */,
				05A3F3A22A5C2E3700B60475 /* Subview */,
			);
			path = SingleRepoWidget;
			sourceTree = "<group>";
		};
		05A3F3A22A5C2E3700B60475 /* Subview */ = {
			isa = PBXGroup;
			children = (
				05A3F3C02A5C378700B60475 /* Placeholder+SnapshotView.swift */,
				05A3F3C22A5C409500B60475 /* NoInternetView.swift */,
				05A3F3C42A5C454000B60475 /* RepoInfoView.swift */,
			);
			path = Subview;
			sourceTree = "<group>";
		};
		05A3F3CA2A5C53D300B60475 /* MainWidget */ = {
			isa = PBXGroup;
			children = (
				05A3F3A32A5C2E4800B60475 /* SingleRepoWidget.swift */,
				05A3F3C62A5C530300B60475 /* SingleRepoProvider.swift */,
				05A3F3C82A5C533700B60475 /* SingleRepoWidgetView.swift */,
			);
			path = MainWidget;
			sourceTree = "<group>";
		};
/* End PBXGroup section */

/* Begin PBXNativeTarget section */
		0510967E2A5CDF320084EF58 /* GithubReporitoryIntents */ = {
			isa = PBXNativeTarget;
			buildConfigurationList = 051096892A5CDF320084EF58 /* Build configuration list for PBXNativeTarget "GithubReporitoryIntents" */;
			buildPhases = (
				0510967B2A5CDF320084EF58 /* Sources */,
				0510967C2A5CDF320084EF58 /* Frameworks */,
				0510967D2A5CDF320084EF58 /* Resources */,
			);
			buildRules = (
			);
			dependencies = (
			);
			name = GithubReporitoryIntents;
			productName = GithubReporitoryIntents;
			productReference = 0510967F2A5CDF320084EF58 /* GithubReporitoryIntents.appex */;
			productType = "com.apple.product-type.app-extension";
		};
		0521388C2A5435B8003C7616 /* GithubRepositoryApp */ = {
			isa = PBXNativeTarget;
			buildConfigurationList = 0521389B2A5435B8003C7616 /* Build configuration list for PBXNativeTarget "GithubRepositoryApp" */;
			buildPhases = (
				052138892A5435B8003C7616 /* Sources */,
				0521388A2A5435B8003C7616 /* Frameworks */,
				0521388B2A5435B8003C7616 /* Resources */,
				05A3F39F2A5C2DEE00B60475 /* Embed Foundation Extensions */,
			);
			buildRules = (
			);
			dependencies = (
				05A3F39A2A5C2DEE00B60475 /* PBXTargetDependency */,
				051096872A5CDF320084EF58 /* PBXTargetDependency */,
			);
			name = GithubRepositoryApp;
			productName = GithubRepositoryApp;
			productReference = 0521388D2A5435B8003C7616 /* GithubRepositoryApp.app */;
			productType = "com.apple.product-type.application";
		};
		059BF5CA2A55C1B6009985EB /* GithubRepositoryAppTests */ = {
			isa = PBXNativeTarget;
			buildConfigurationList = 059BF5D12A55C1B6009985EB /* Build configuration list for PBXNativeTarget "GithubRepositoryAppTests" */;
			buildPhases = (
				059BF5C72A55C1B6009985EB /* Sources */,
				059BF5C82A55C1B6009985EB /* Frameworks */,
				059BF5C92A55C1B6009985EB /* Resources */,
			);
			buildRules = (
			);
			dependencies = (
				059BF5D02A55C1B6009985EB /* PBXTargetDependency */,
			);
			name = GithubRepositoryAppTests;
			productName = GithubRepositoryAppTests;
			productReference = 059BF5CB2A55C1B6009985EB /* GithubRepositoryAppTests.xctest */;
			productType = "com.apple.product-type.bundle.unit-test";
		};
		05A3F38A2A5C2DEC00B60475 /* GithubRepositoryWidgetExtension */ = {
			isa = PBXNativeTarget;
			buildConfigurationList = 05A3F39C2A5C2DEE00B60475 /* Build configuration list for PBXNativeTarget "GithubRepositoryWidgetExtension" */;
			buildPhases = (
				05A3F3872A5C2DEC00B60475 /* Sources */,
				05A3F3882A5C2DEC00B60475 /* Frameworks */,
				05A3F3892A5C2DEC00B60475 /* Resources */,
			);
			buildRules = (
			);
			dependencies = (
			);
			name = GithubRepositoryWidgetExtension;
			productName = GithubRepositoryWidgetExtension;
			productReference = 05A3F38B2A5C2DEC00B60475 /* GithubRepositoryWidgetExtension.appex */;
			productType = "com.apple.product-type.app-extension";
		};
/* End PBXNativeTarget section */

/* Begin PBXProject section */
		052138852A5435B8003C7616 /* Project object */ = {
			isa = PBXProject;
			attributes = {
				BuildIndependentTargetsInParallel = 1;
				LastSwiftUpdateCheck = 1420;
				LastUpgradeCheck = 1420;
				TargetAttributes = {
					0510967E2A5CDF320084EF58 = {
						CreatedOnToolsVersion = 14.2;
					};
					0521388C2A5435B8003C7616 = {
						CreatedOnToolsVersion = 14.2;
					};
					059BF5CA2A55C1B6009985EB = {
						CreatedOnToolsVersion = 14.2;
						TestTargetID = 0521388C2A5435B8003C7616;
					};
					05A3F38A2A5C2DEC00B60475 = {
						CreatedOnToolsVersion = 14.2;
					};
				};
			};
			buildConfigurationList = 052138882A5435B8003C7616 /* Build configuration list for PBXProject "GithubRepositoryApp" */;
			compatibilityVersion = "Xcode 14.0";
			developmentRegion = en;
			hasScannedForEncodings = 0;
			knownRegions = (
				en,
				Base,
			);
			mainGroup = 052138842A5435B8003C7616;
			productRefGroup = 0521388E2A5435B8003C7616 /* Products */;
			projectDirPath = "";
			projectRoot = "";
			targets = (
				0521388C2A5435B8003C7616 /* GithubRepositoryApp */,
				059BF5CA2A55C1B6009985EB /* GithubRepositoryAppTests */,
				05A3F38A2A5C2DEC00B60475 /* GithubRepositoryWidgetExtension */,
				0510967E2A5CDF320084EF58 /* GithubReporitoryIntents */,
			);
		};
/* End PBXProject section */

/* Begin PBXResourcesBuildPhase section */
		0510967D2A5CDF320084EF58 /* Resources */ = {
			isa = PBXResourcesBuildPhase;
			buildActionMask = 2147483647;
			files = (
			);
			runOnlyForDeploymentPostprocessing = 0;
		};
		0521388B2A5435B8003C7616 /* Resources */ = {
			isa = PBXResourcesBuildPhase;
			buildActionMask = 2147483647;
			files = (
				052138982A5435B8003C7616 /* Preview Assets.xcassets in Resources */,
				052138952A5435B8003C7616 /* Assets.xcassets in Resources */,
			);
			runOnlyForDeploymentPostprocessing = 0;
		};
		059BF5C92A55C1B6009985EB /* Resources */ = {
			isa = PBXResourcesBuildPhase;
			buildActionMask = 2147483647;
			files = (
			);
			runOnlyForDeploymentPostprocessing = 0;
		};
		05A3F3892A5C2DEC00B60475 /* Resources */ = {
			isa = PBXResourcesBuildPhase;
			buildActionMask = 2147483647;
			files = (
				05A3F3972A5C2DEE00B60475 /* Assets.xcassets in Resources */,
			);
			runOnlyForDeploymentPostprocessing = 0;
		};
/* End PBXResourcesBuildPhase section */

/* Begin PBXSourcesBuildPhase section */
		0510967B2A5CDF320084EF58 /* Sources */ = {
			isa = PBXSourcesBuildPhase;
			buildActionMask = 2147483647;
			files = (
				0510968E2A5CE00E0084EF58 /* UserDefaultManager.swift in Sources */,
				051096CE2A60E6650084EF58 /* Color+.swift in Sources */,
				051096C72A60E1850084EF58 /* FollowUserDetailNoInternetView.swift in Sources */,
				051096C92A60E3D50084EF58 /* SFSymbols.swift in Sources */,
				0596F2132A6180660070E96C /* SingleUserNormalView.swift in Sources */,
				051096BC2A60DABD0084EF58 /* FollowUserDetailView.swift in Sources */,
				051096CF2A60E6680084EF58 /* Collection+.swift in Sources */,
				0596F1FA2A6171B60070E96C /* SingleUserWidget.swift in Sources */,
				051096CB2A60E6560084EF58 /* Text+.swift in Sources */,
				051096912A5CE07A0084EF58 /* RepositoryModel.swift in Sources */,
				051096CD2A60E6620084EF58 /* Sequence+.swift in Sources */,
				051096C22A60E16A0084EF58 /* FollowUserDetailNormalView.swift in Sources */,
				0510968D2A5CDF680084EF58 /* GihubRepositoryIntents.intentdefinition in Sources */,
				0596F2092A6177320070E96C /* SingleUserPlaceholderSnapshotView.swift in Sources */,
				051096D02A60E66E0084EF58 /* Date+.swift in Sources */,
				051096B32A604B8C0084EF58 /* URLSession+.swift in Sources */,
				051096B42A604B8F0084EF58 /* URLCache+.swift in Sources */,
				0596F2042A6176E80070E96C /* SingleUserWidgetProvider.swift in Sources */,
				051096B72A60D9C90084EF58 /* Http+HttpsRequestManager.swift in Sources */,
				051096CC2A60E65A0084EF58 /* Shape+.swift in Sources */,
				051096842A5CDF320084EF58 /* IntentHandler.swift in Sources */,
				0596F1FF2A6176B70070E96C /* SingleUserWidgetView.swift in Sources */,
				051096A72A5D78E00084EF58 /* String+.swift in Sources */,
				051096CA2A60E6520084EF58 /* View+.swift in Sources */,
				0596F20E2A617C530070E96C /* SingleUserNoInternetView.swift in Sources */,
				051096C82A60E3C90084EF58 /* Image+.swift in Sources */,
				051096B52A60D9B10084EF58 /* FollowUserDetailModel.swift in Sources */,
				051096D12A60FAD60084EF58 /* CacheAsyncImageView.swift in Sources */,
				051096A62A5D4FBE0084EF58 /* UserFollowModel.swift in Sources */,
			);
			runOnlyForDeploymentPostprocessing = 0;
		};
		052138892A5435B8003C7616 /* Sources */ = {
			isa = PBXSourcesBuildPhase;
			buildActionMask = 2147483647;
			files = (
				052138A22A5437F9003C7616 /* RootView.swift in Sources */,
				059AF5C22A57AB29003A3BA4 /* URLCache+.swift in Sources */,
				059BF5C62A55BEAD009985EB /* Color+.swift in Sources */,
				052138A92A543BA8003C7616 /* Image+.swift in Sources */,
				059AF5A82A56721E003A3BA4 /* Collection+.swift in Sources */,
				059BF5C02A5550B3009985EB /* OperationOverloading.swift in Sources */,
				0596F1FC2A6176B70070E96C /* SingleUserWidgetView.swift in Sources */,
				059BF5C32A5553D9009985EB /* Sequence+.swift in Sources */,
				059AF5CF2A57E356003A3BA4 /* Date+.swift in Sources */,
				0596F2062A6177320070E96C /* SingleUserPlaceholderSnapshotView.swift in Sources */,
				0596F2012A6176E80070E96C /* SingleUserWidgetProvider.swift in Sources */,
				051096792A5CDD400084EF58 /* GihubRepositoryIntents.intentdefinition in Sources */,
				059BF5B02A545B73009985EB /* GitRepoAlertView.swift in Sources */,
				059AF5D22A584BE5003A3BA4 /* Http+HttpsRequestManager.swift in Sources */,
				051096A42A5D4FB40084EF58 /* UserFollowModel.swift in Sources */,
				051096B92A60DABD0084EF58 /* FollowUserDetailView.swift in Sources */,
				051096AF2A5DA3240084EF58 /* FollowUserDetailModel.swift in Sources */,
				052138B02A543E1C003C7616 /* SharedInfo.swift in Sources */,
				059AF5DE2A594442003A3BA4 /* ModifyInStruct.swift in Sources */,
				059AF5BF2A57AB1B003A3BA4 /* URLSession+.swift in Sources */,
				051096A12A5D4C010084EF58 /* FollowUserViewModel.swift in Sources */,
				059BF5B72A546B34009985EB /* Shape+.swift in Sources */,
				052138912A5435B8003C7616 /* GithubRepositoryAppApp.swift in Sources */,
				052138B62A544F84003C7616 /* View+.swift in Sources */,
				052138AD2A543C8F003C7616 /* AllRepositoryView.swift in Sources */,
				052138B32A54455D003C7616 /* AllRepositoryViewModel.swift in Sources */,
				059BF5B42A546252009985EB /* Text+.swift in Sources */,
				0596F20B2A617C530070E96C /* SingleUserNoInternetView.swift in Sources */,
				0510969D2A5D46B10084EF58 /* FollowUserView.swift in Sources */,
				051096BF2A60E16A0084EF58 /* FollowUserDetailNormalView.swift in Sources */,
				059AF5B52A56FEAD003A3BA4 /* RepositoryDetailModel.swift in Sources */,
				059BF5BD2A554B75009985EB /* RepositoryModel.swift in Sources */,
				059AF5AD2A56AE7F003A3BA4 /* RepositoryDetailView.swift in Sources */,
				059AF5C62A57ABCE003A3BA4 /* CacheAsyncImageView.swift in Sources */,
				0596F1F72A6171B60070E96C /* SingleUserWidget.swift in Sources */,
				059AF5B82A57066C003A3BA4 /* RepositoryOwnerModel.swift in Sources */,
				0596F2102A6180660070E96C /* SingleUserNormalView.swift in Sources */,
				05A3F3822A5BEFB600B60475 /* UserDefaultManager.swift in Sources */,
				059BF5BA2A55346E009985EB /* String+.swift in Sources */,
				052138A62A543A1E003C7616 /* SFSymbols.swift in Sources */,
				051096C42A60E1850084EF58 /* FollowUserDetailNoInternetView.swift in Sources */,
			);
			runOnlyForDeploymentPostprocessing = 0;
		};
		059BF5C72A55C1B6009985EB /* Sources */ = {
			isa = PBXSourcesBuildPhase;
			buildActionMask = 2147483647;
			files = (
				059BF5E02A55C958009985EB /* Text+.swift in Sources */,
				059BF5D52A55C667009985EB /* AllRepositoryViewModelTest.swift in Sources */,
				059BF5D82A55C6F9009985EB /* RepositoryModel.swift in Sources */,
				059AF5AE2A56B2EA003A3BA4 /* RepositoryDetailView.swift in Sources */,
				059BF5DD2A55C93C009985EB /* SFSymbols.swift in Sources */,
				059BF5E12A55C95B009985EB /* View+.swift in Sources */,
				059AF5D72A585731003A3BA4 /* AllRepositoryView.swift in Sources */,
				059BF5D92A55C8B6009985EB /* GitRepoAlertView.swift in Sources */,
				051096C02A60E16A0084EF58 /* FollowUserDetailNormalView.swift in Sources */,
				051096B02A5DA3310084EF58 /* FollowUserDetailModel.swift in Sources */,
				0596F2112A6180660070E96C /* SingleUserNormalView.swift in Sources */,
				059AF5C72A57ABCE003A3BA4 /* CacheAsyncImageView.swift in Sources */,
				059AF5D52A58564C003A3BA4 /* Http+HttpsRequestManagerTest.swift in Sources */,
				051096992A5CE9910084EF58 /* GihubRepositoryIntents.intentdefinition in Sources */,
				0596F1FD2A6176B70070E96C /* SingleUserWidgetView.swift in Sources */,
				059AF5B62A56FEAD003A3BA4 /* RepositoryDetailModel.swift in Sources */,
				059AF5CC2A57B775003A3BA4 /* URLSession+uiImageTest.swift in Sources */,
				059AF5D32A585638003A3BA4 /* Http+HttpsRequestManager.swift in Sources */,
				051096AA2A5D8BE10084EF58 /* UserFollowModel.swift in Sources */,
				0596F20C2A617C530070E96C /* SingleUserNoInternetView.swift in Sources */,
				059AF5D62A58570F003A3BA4 /* Date+.swift in Sources */,
				0596F1F82A6171B60070E96C /* SingleUserWidget.swift in Sources */,
				059BF5E22A55C95E009985EB /* Image+.swift in Sources */,
				0596F2072A6177320070E96C /* SingleUserPlaceholderSnapshotView.swift in Sources */,
				059BF5DC2A55C931009985EB /* OperationOverloading.swift in Sources */,
				059BF5D72A55C6F6009985EB /* SharedInfo.swift in Sources */,
				051096B22A603D180084EF58 /* FollowUserDetailModelTest.swift in Sources */,
				051096C52A60E1850084EF58 /* FollowUserDetailNoInternetView.swift in Sources */,
				05A3F3762A5956E100B60475 /* RepositoryDetailModelTest.swift in Sources */,
				059BF5DA2A55C8D0009985EB /* String+.swift in Sources */,
				05A3F3772A59595600B60475 /* ModifyInStruct.swift in Sources */,
				0596F2022A6176E80070E96C /* SingleUserWidgetProvider.swift in Sources */,
				059BF5DE2A55C94C009985EB /* Color+.swift in Sources */,
				059AF5C02A57AB1B003A3BA4 /* URLSession+.swift in Sources */,
				051096A92A5D8BDA0084EF58 /* UserFollowModelTest.swift in Sources */,
				059AF5A92A5673A5003A3BA4 /* Collection+.swift in Sources */,
				059BF5DB2A55C8E4009985EB /* Sequence+.swift in Sources */,
				05A3F3862A5BF46200B60475 /* UserDefaultManager.swift in Sources */,
				059AF5C32A57AB29003A3BA4 /* URLCache+.swift in Sources */,
				059BF5D62A55C6E8009985EB /* AllRepositoryViewModel.swift in Sources */,
				059BF5DF2A55C955009985EB /* Shape+.swift in Sources */,
				051096BA2A60DABD0084EF58 /* FollowUserDetailView.swift in Sources */,
				05A3F3852A5BF2E900B60475 /* UserDefaultManagerTest.swift in Sources */,
				059AF5B92A57066C003A3BA4 /* RepositoryOwnerModel.swift in Sources */,
			);
			runOnlyForDeploymentPostprocessing = 0;
		};
		05A3F3872A5C2DEC00B60475 /* Sources */ = {
			isa = PBXSourcesBuildPhase;
			buildActionMask = 2147483647;
			files = (
				05A3F3B02A5C359600B60475 /* Text+.swift in Sources */,
				05A3F3932A5C2DEC00B60475 /* GithubRepositoryWidgetBundle.swift in Sources */,
				05A3F3AD2A5C358900B60475 /* Color+.swift in Sources */,
				051096BB2A60DABD0084EF58 /* FollowUserDetailView.swift in Sources */,
				05A3F3AE2A5C358D00B60475 /* Sequence+.swift in Sources */,
				05A3F3B52A5C35A800B60475 /* OperationOverloading.swift in Sources */,
				05A3F3B12A5C359900B60475 /* View+.swift in Sources */,
				051096C12A60E16A0084EF58 /* FollowUserDetailNormalView.swift in Sources */,
				05A3F3BF2A5C35D400B60475 /* SharedInfo.swift in Sources */,
				05A3F3A72A5C356500B60475 /* RepositoryOwnerModel.swift in Sources */,
				05A3F3B62A5C35AB00B60475 /* Http+HttpsRequestManager.swift in Sources */,
				05A3F3B82A5C35B000B60475 /* CacheAsyncImageView.swift in Sources */,
				0596F2082A6177320070E96C /* SingleUserPlaceholderSnapshotView.swift in Sources */,
				05A3F3C12A5C378700B60475 /* Placeholder+SnapshotView.swift in Sources */,
				05A3F3AC2A5C358600B60475 /* Collection+.swift in Sources */,
				05A3F3C92A5C533700B60475 /* SingleRepoWidgetView.swift in Sources */,
				05A3F3B22A5C359C00B60475 /* Image+.swift in Sources */,
				051096B62A60D9B10084EF58 /* FollowUserDetailModel.swift in Sources */,
				05A3F3A82A5C357A00B60475 /* String+.swift in Sources */,
				05A3F3C32A5C409500B60475 /* NoInternetView.swift in Sources */,
				05A3F3C52A5C454000B60475 /* RepoInfoView.swift in Sources */,
				0596F2122A6180660070E96C /* SingleUserNormalView.swift in Sources */,
				05A3F3BE2A5C35D000B60475 /* RepositoryModel.swift in Sources */,
				05A3F3BC2A5C35C500B60475 /* RepositoryDetailView.swift in Sources */,
				05A3F3AA2A5C358100B60475 /* URLSession+.swift in Sources */,
				05A3F3B42A5C35A500B60475 /* ModifyInStruct.swift in Sources */,
				051096A52A5D4FB40084EF58 /* UserFollowModel.swift in Sources */,
				05A3F3AB2A5C358300B60475 /* URLCache+.swift in Sources */,
				0596F20D2A617C530070E96C /* SingleUserNoInternetView.swift in Sources */,
				05A3F3B72A5C35AD00B60475 /* UserDefaultManager.swift in Sources */,
				05A3F3C72A5C530300B60475 /* SingleRepoProvider.swift in Sources */,
				0510967A2A5CDD400084EF58 /* GihubRepositoryIntents.intentdefinition in Sources */,
				05A3F3A92A5C357D00B60475 /* Date+.swift in Sources */,
				051096A22A5D4C010084EF58 /* FollowUserViewModel.swift in Sources */,
				05A3F3B32A5C35A100B60475 /* SFSymbols.swift in Sources */,
				05A3F3B92A5C35B500B60475 /* GitRepoAlertView.swift in Sources */,
				05A3F3BA2A5C35BB00B60475 /* AllRepositoryViewModel.swift in Sources */,
				05A3F3A52A5C355200B60475 /* SingleRepoWidget.swift in Sources */,
				05A3F3BD2A5C35C900B60475 /* RootView.swift in Sources */,
				0596F1F92A6171B60070E96C /* SingleUserWidget.swift in Sources */,
				0596F2032A6176E80070E96C /* SingleUserWidgetProvider.swift in Sources */,
				05A3F3A62A5C356300B60475 /* RepositoryDetailModel.swift in Sources */,
				05A3F3BB2A5C35BE00B60475 /* AllRepositoryView.swift in Sources */,
				05A3F3AF2A5C359300B60475 /* Shape+.swift in Sources */,
				0596F1FE2A6176B70070E96C /* SingleUserWidgetView.swift in Sources */,
				0510969E2A5D46B10084EF58 /* FollowUserView.swift in Sources */,
				051096C62A60E1850084EF58 /* FollowUserDetailNoInternetView.swift in Sources */,
			);
			runOnlyForDeploymentPostprocessing = 0;
		};
/* End PBXSourcesBuildPhase section */

/* Begin PBXTargetDependency section */
		051096872A5CDF320084EF58 /* PBXTargetDependency */ = {
			isa = PBXTargetDependency;
			target = 0510967E2A5CDF320084EF58 /* GithubReporitoryIntents */;
			targetProxy = 051096862A5CDF320084EF58 /* PBXContainerItemProxy */;
		};
		059BF5D02A55C1B6009985EB /* PBXTargetDependency */ = {
			isa = PBXTargetDependency;
			target = 0521388C2A5435B8003C7616 /* GithubRepositoryApp */;
			targetProxy = 059BF5CF2A55C1B6009985EB /* PBXContainerItemProxy */;
		};
		05A3F39A2A5C2DEE00B60475 /* PBXTargetDependency */ = {
			isa = PBXTargetDependency;
			target = 05A3F38A2A5C2DEC00B60475 /* GithubRepositoryWidgetExtension */;
			targetProxy = 05A3F3992A5C2DEE00B60475 /* PBXContainerItemProxy */;
		};
/* End PBXTargetDependency section */

/* Begin XCBuildConfiguration section */
		0510968A2A5CDF320084EF58 /* Debug */ = {
			isa = XCBuildConfiguration;
			buildSettings = {
				CODE_SIGN_ENTITLEMENTS = GithubReporitoryIntents/GithubReporitoryIntents.entitlements;
				CODE_SIGN_STYLE = Automatic;
				CURRENT_PROJECT_VERSION = 1;
				DEVELOPMENT_TEAM = L4D6WNQFVL;
				GENERATE_INFOPLIST_FILE = YES;
				INFOPLIST_FILE = GithubReporitoryIntents/Info.plist;
				INFOPLIST_KEY_CFBundleDisplayName = GithubReporitoryIntents;
				INFOPLIST_KEY_NSHumanReadableCopyright = "";
				LD_RUNPATH_SEARCH_PATHS = (
					"$(inherited)",
					"@executable_path/Frameworks",
					"@executable_path/../../Frameworks",
				);
				MARKETING_VERSION = 1.0;
				PRODUCT_BUNDLE_IDENTIFIER = com.hungyen.GithubRepositoryApp.GithubReporitoryIntents;
				PRODUCT_NAME = "$(TARGET_NAME)";
				SKIP_INSTALL = YES;
				SWIFT_EMIT_LOC_STRINGS = YES;
				SWIFT_VERSION = 5.0;
				TARGETED_DEVICE_FAMILY = 1;
			};
			name = Debug;
		};
		0510968B2A5CDF320084EF58 /* Release */ = {
			isa = XCBuildConfiguration;
			buildSettings = {
				CODE_SIGN_ENTITLEMENTS = GithubReporitoryIntents/GithubReporitoryIntents.entitlements;
				CODE_SIGN_STYLE = Automatic;
				CURRENT_PROJECT_VERSION = 1;
				DEVELOPMENT_TEAM = L4D6WNQFVL;
				GENERATE_INFOPLIST_FILE = YES;
				INFOPLIST_FILE = GithubReporitoryIntents/Info.plist;
				INFOPLIST_KEY_CFBundleDisplayName = GithubReporitoryIntents;
				INFOPLIST_KEY_NSHumanReadableCopyright = "";
				LD_RUNPATH_SEARCH_PATHS = (
					"$(inherited)",
					"@executable_path/Frameworks",
					"@executable_path/../../Frameworks",
				);
				MARKETING_VERSION = 1.0;
				PRODUCT_BUNDLE_IDENTIFIER = com.hungyen.GithubRepositoryApp.GithubReporitoryIntents;
				PRODUCT_NAME = "$(TARGET_NAME)";
				SKIP_INSTALL = YES;
				SWIFT_EMIT_LOC_STRINGS = YES;
				SWIFT_VERSION = 5.0;
				TARGETED_DEVICE_FAMILY = 1;
			};
			name = Release;
		};
		052138992A5435B8003C7616 /* Debug */ = {
			isa = XCBuildConfiguration;
			buildSettings = {
				ALWAYS_SEARCH_USER_PATHS = NO;
				CLANG_ANALYZER_NONNULL = YES;
				CLANG_ANALYZER_NUMBER_OBJECT_CONVERSION = YES_AGGRESSIVE;
				CLANG_CXX_LANGUAGE_STANDARD = "gnu++20";
				CLANG_ENABLE_MODULES = YES;
				CLANG_ENABLE_OBJC_ARC = YES;
				CLANG_ENABLE_OBJC_WEAK = YES;
				CLANG_WARN_BLOCK_CAPTURE_AUTORELEASING = YES;
				CLANG_WARN_BOOL_CONVERSION = YES;
				CLANG_WARN_COMMA = YES;
				CLANG_WARN_CONSTANT_CONVERSION = YES;
				CLANG_WARN_DEPRECATED_OBJC_IMPLEMENTATIONS = YES;
				CLANG_WARN_DIRECT_OBJC_ISA_USAGE = YES_ERROR;
				CLANG_WARN_DOCUMENTATION_COMMENTS = YES;
				CLANG_WARN_EMPTY_BODY = YES;
				CLANG_WARN_ENUM_CONVERSION = YES;
				CLANG_WARN_INFINITE_RECURSION = YES;
				CLANG_WARN_INT_CONVERSION = YES;
				CLANG_WARN_NON_LITERAL_NULL_CONVERSION = YES;
				CLANG_WARN_OBJC_IMPLICIT_RETAIN_SELF = YES;
				CLANG_WARN_OBJC_LITERAL_CONVERSION = YES;
				CLANG_WARN_OBJC_ROOT_CLASS = YES_ERROR;
				CLANG_WARN_QUOTED_INCLUDE_IN_FRAMEWORK_HEADER = YES;
				CLANG_WARN_RANGE_LOOP_ANALYSIS = YES;
				CLANG_WARN_STRICT_PROTOTYPES = YES;
				CLANG_WARN_SUSPICIOUS_MOVE = YES;
				CLANG_WARN_UNGUARDED_AVAILABILITY = YES_AGGRESSIVE;
				CLANG_WARN_UNREACHABLE_CODE = YES;
				CLANG_WARN__DUPLICATE_METHOD_MATCH = YES;
				COPY_PHASE_STRIP = NO;
				DEBUG_INFORMATION_FORMAT = dwarf;
				ENABLE_STRICT_OBJC_MSGSEND = YES;
				ENABLE_TESTABILITY = YES;
				GCC_C_LANGUAGE_STANDARD = gnu11;
				GCC_DYNAMIC_NO_PIC = NO;
				GCC_NO_COMMON_BLOCKS = YES;
				GCC_OPTIMIZATION_LEVEL = 0;
				GCC_PREPROCESSOR_DEFINITIONS = (
					"DEBUG=1",
					"$(inherited)",
				);
				GCC_WARN_64_TO_32_BIT_CONVERSION = YES;
				GCC_WARN_ABOUT_RETURN_TYPE = YES_ERROR;
				GCC_WARN_UNDECLARED_SELECTOR = YES;
				GCC_WARN_UNINITIALIZED_AUTOS = YES_AGGRESSIVE;
				GCC_WARN_UNUSED_FUNCTION = YES;
				GCC_WARN_UNUSED_VARIABLE = YES;
				IPHONEOS_DEPLOYMENT_TARGET = 16.2;
				MTL_ENABLE_DEBUG_INFO = INCLUDE_SOURCE;
				MTL_FAST_MATH = YES;
				ONLY_ACTIVE_ARCH = YES;
				SDKROOT = iphoneos;
				SWIFT_ACTIVE_COMPILATION_CONDITIONS = DEBUG;
				SWIFT_OPTIMIZATION_LEVEL = "-Onone";
			};
			name = Debug;
		};
		0521389A2A5435B8003C7616 /* Release */ = {
			isa = XCBuildConfiguration;
			buildSettings = {
				ALWAYS_SEARCH_USER_PATHS = NO;
				CLANG_ANALYZER_NONNULL = YES;
				CLANG_ANALYZER_NUMBER_OBJECT_CONVERSION = YES_AGGRESSIVE;
				CLANG_CXX_LANGUAGE_STANDARD = "gnu++20";
				CLANG_ENABLE_MODULES = YES;
				CLANG_ENABLE_OBJC_ARC = YES;
				CLANG_ENABLE_OBJC_WEAK = YES;
				CLANG_WARN_BLOCK_CAPTURE_AUTORELEASING = YES;
				CLANG_WARN_BOOL_CONVERSION = YES;
				CLANG_WARN_COMMA = YES;
				CLANG_WARN_CONSTANT_CONVERSION = YES;
				CLANG_WARN_DEPRECATED_OBJC_IMPLEMENTATIONS = YES;
				CLANG_WARN_DIRECT_OBJC_ISA_USAGE = YES_ERROR;
				CLANG_WARN_DOCUMENTATION_COMMENTS = YES;
				CLANG_WARN_EMPTY_BODY = YES;
				CLANG_WARN_ENUM_CONVERSION = YES;
				CLANG_WARN_INFINITE_RECURSION = YES;
				CLANG_WARN_INT_CONVERSION = YES;
				CLANG_WARN_NON_LITERAL_NULL_CONVERSION = YES;
				CLANG_WARN_OBJC_IMPLICIT_RETAIN_SELF = YES;
				CLANG_WARN_OBJC_LITERAL_CONVERSION = YES;
				CLANG_WARN_OBJC_ROOT_CLASS = YES_ERROR;
				CLANG_WARN_QUOTED_INCLUDE_IN_FRAMEWORK_HEADER = YES;
				CLANG_WARN_RANGE_LOOP_ANALYSIS = YES;
				CLANG_WARN_STRICT_PROTOTYPES = YES;
				CLANG_WARN_SUSPICIOUS_MOVE = YES;
				CLANG_WARN_UNGUARDED_AVAILABILITY = YES_AGGRESSIVE;
				CLANG_WARN_UNREACHABLE_CODE = YES;
				CLANG_WARN__DUPLICATE_METHOD_MATCH = YES;
				COPY_PHASE_STRIP = NO;
				DEBUG_INFORMATION_FORMAT = "dwarf-with-dsym";
				ENABLE_NS_ASSERTIONS = NO;
				ENABLE_STRICT_OBJC_MSGSEND = YES;
				GCC_C_LANGUAGE_STANDARD = gnu11;
				GCC_NO_COMMON_BLOCKS = YES;
				GCC_WARN_64_TO_32_BIT_CONVERSION = YES;
				GCC_WARN_ABOUT_RETURN_TYPE = YES_ERROR;
				GCC_WARN_UNDECLARED_SELECTOR = YES;
				GCC_WARN_UNINITIALIZED_AUTOS = YES_AGGRESSIVE;
				GCC_WARN_UNUSED_FUNCTION = YES;
				GCC_WARN_UNUSED_VARIABLE = YES;
				IPHONEOS_DEPLOYMENT_TARGET = 16.2;
				MTL_ENABLE_DEBUG_INFO = NO;
				MTL_FAST_MATH = YES;
				SDKROOT = iphoneos;
				SWIFT_COMPILATION_MODE = wholemodule;
				SWIFT_OPTIMIZATION_LEVEL = "-O";
				VALIDATE_PRODUCT = YES;
			};
			name = Release;
		};
		0521389C2A5435B8003C7616 /* Debug */ = {
			isa = XCBuildConfiguration;
			buildSettings = {
				ALWAYS_EMBED_SWIFT_STANDARD_LIBRARIES = YES;
				ASSETCATALOG_COMPILER_APPICON_NAME = AppIcon;
				ASSETCATALOG_COMPILER_GLOBAL_ACCENT_COLOR_NAME = AccentColor;
				CODE_SIGN_ENTITLEMENTS = GithubRepositoryApp/GithubRepositoryApp.entitlements;
				CODE_SIGN_STYLE = Automatic;
				CURRENT_PROJECT_VERSION = 1;
				DEVELOPMENT_ASSET_PATHS = "\"GithubRepositoryApp/Preview Content\"";
				DEVELOPMENT_TEAM = L4D6WNQFVL;
				ENABLE_PREVIEWS = YES;
				GENERATE_INFOPLIST_FILE = YES;
				INFOPLIST_FILE = GithubRepositoryApp/Info.plist;
				INFOPLIST_KEY_CFBundleDisplayName = "Github追蹤小工具";
				INFOPLIST_KEY_UIApplicationSupportsIndirectInputEvents = YES;
				INFOPLIST_KEY_UILaunchScreen_Generation = YES;
				INFOPLIST_KEY_UISupportedInterfaceOrientations = UIInterfaceOrientationPortrait;
				INFOPLIST_KEY_UISupportedInterfaceOrientations_iPad = "UIInterfaceOrientationLandscapeLeft UIInterfaceOrientationLandscapeRight UIInterfaceOrientationPortrait UIInterfaceOrientationPortraitUpsideDown";
				INFOPLIST_KEY_UIUserInterfaceStyle = Light;
				LD_RUNPATH_SEARCH_PATHS = (
					"$(inherited)",
					"@executable_path/Frameworks",
				);
				MARKETING_VERSION = 1.0;
				PRODUCT_BUNDLE_IDENTIFIER = com.hungyen.GithubRepositoryApp;
				PRODUCT_NAME = "$(TARGET_NAME)";
				SUPPORTED_PLATFORMS = "iphoneos iphonesimulator";
				SUPPORTS_MACCATALYST = NO;
				SUPPORTS_MAC_DESIGNED_FOR_IPHONE_IPAD = NO;
				SWIFT_EMIT_LOC_STRINGS = YES;
				SWIFT_VERSION = 5.0;
				TARGETED_DEVICE_FAMILY = 1;
			};
			name = Debug;
		};
		0521389D2A5435B8003C7616 /* Release */ = {
			isa = XCBuildConfiguration;
			buildSettings = {
				ALWAYS_EMBED_SWIFT_STANDARD_LIBRARIES = YES;
				ASSETCATALOG_COMPILER_APPICON_NAME = AppIcon;
				ASSETCATALOG_COMPILER_GLOBAL_ACCENT_COLOR_NAME = AccentColor;
				CODE_SIGN_ENTITLEMENTS = GithubRepositoryApp/GithubRepositoryApp.entitlements;
				CODE_SIGN_STYLE = Automatic;
				CURRENT_PROJECT_VERSION = 1;
				DEVELOPMENT_ASSET_PATHS = "\"GithubRepositoryApp/Preview Content\"";
				DEVELOPMENT_TEAM = L4D6WNQFVL;
				ENABLE_PREVIEWS = YES;
				GENERATE_INFOPLIST_FILE = YES;
				INFOPLIST_FILE = GithubRepositoryApp/Info.plist;
				INFOPLIST_KEY_CFBundleDisplayName = "Github追蹤小工具";
				INFOPLIST_KEY_UIApplicationSupportsIndirectInputEvents = YES;
				INFOPLIST_KEY_UILaunchScreen_Generation = YES;
				INFOPLIST_KEY_UISupportedInterfaceOrientations = UIInterfaceOrientationPortrait;
				INFOPLIST_KEY_UISupportedInterfaceOrientations_iPad = "UIInterfaceOrientationLandscapeLeft UIInterfaceOrientationLandscapeRight UIInterfaceOrientationPortrait UIInterfaceOrientationPortraitUpsideDown";
				INFOPLIST_KEY_UIUserInterfaceStyle = Light;
				LD_RUNPATH_SEARCH_PATHS = (
					"$(inherited)",
					"@executable_path/Frameworks",
				);
				MARKETING_VERSION = 1.0;
				PRODUCT_BUNDLE_IDENTIFIER = com.hungyen.GithubRepositoryApp;
				PRODUCT_NAME = "$(TARGET_NAME)";
				SUPPORTED_PLATFORMS = "iphoneos iphonesimulator";
				SUPPORTS_MACCATALYST = NO;
				SUPPORTS_MAC_DESIGNED_FOR_IPHONE_IPAD = NO;
				SWIFT_EMIT_LOC_STRINGS = YES;
				SWIFT_VERSION = 5.0;
				TARGETED_DEVICE_FAMILY = 1;
			};
			name = Release;
		};
		059BF5D22A55C1B6009985EB /* Debug */ = {
			isa = XCBuildConfiguration;
			buildSettings = {
				BUNDLE_LOADER = "$(TEST_HOST)";
				CODE_SIGN_STYLE = Automatic;
				CURRENT_PROJECT_VERSION = 1;
				DEVELOPMENT_TEAM = L4D6WNQFVL;
				GENERATE_INFOPLIST_FILE = YES;
				MARKETING_VERSION = 1.0;
				PRODUCT_BUNDLE_IDENTIFIER = com.hungyen.GithubRepositoryAppTests;
				PRODUCT_NAME = "$(TARGET_NAME)";
				SWIFT_EMIT_LOC_STRINGS = NO;
				SWIFT_VERSION = 5.0;
				TARGETED_DEVICE_FAMILY = "1,2";
				TEST_HOST = "$(BUILT_PRODUCTS_DIR)/GithubRepositoryApp.app/$(BUNDLE_EXECUTABLE_FOLDER_PATH)/GithubRepositoryApp";
			};
			name = Debug;
		};
		059BF5D32A55C1B6009985EB /* Release */ = {
			isa = XCBuildConfiguration;
			buildSettings = {
				BUNDLE_LOADER = "$(TEST_HOST)";
				CODE_SIGN_STYLE = Automatic;
				CURRENT_PROJECT_VERSION = 1;
				DEVELOPMENT_TEAM = L4D6WNQFVL;
				GENERATE_INFOPLIST_FILE = YES;
				MARKETING_VERSION = 1.0;
				PRODUCT_BUNDLE_IDENTIFIER = com.hungyen.GithubRepositoryAppTests;
				PRODUCT_NAME = "$(TARGET_NAME)";
				SWIFT_EMIT_LOC_STRINGS = NO;
				SWIFT_VERSION = 5.0;
				TARGETED_DEVICE_FAMILY = "1,2";
				TEST_HOST = "$(BUILT_PRODUCTS_DIR)/GithubRepositoryApp.app/$(BUNDLE_EXECUTABLE_FOLDER_PATH)/GithubRepositoryApp";
			};
			name = Release;
		};
		05A3F39D2A5C2DEE00B60475 /* Debug */ = {
			isa = XCBuildConfiguration;
			buildSettings = {
				ASSETCATALOG_COMPILER_GLOBAL_ACCENT_COLOR_NAME = AccentColor;
				ASSETCATALOG_COMPILER_WIDGET_BACKGROUND_COLOR_NAME = WidgetBackground;
				CODE_SIGN_ENTITLEMENTS = GithubRepositoryWidgetExtension.entitlements;
				CODE_SIGN_STYLE = Automatic;
				CURRENT_PROJECT_VERSION = 1;
				DEVELOPMENT_TEAM = L4D6WNQFVL;
				GENERATE_INFOPLIST_FILE = YES;
				INFOPLIST_FILE = GithubRepositoryWidget/Info.plist;
				INFOPLIST_KEY_CFBundleDisplayName = GithubRepositoryWidget;
				INFOPLIST_KEY_NSHumanReadableCopyright = "";
				LD_RUNPATH_SEARCH_PATHS = (
					"$(inherited)",
					"@executable_path/Frameworks",
					"@executable_path/../../Frameworks",
				);
				MARKETING_VERSION = 1.0;
				PRODUCT_BUNDLE_IDENTIFIER = com.hungyen.GithubRepositoryApp.GithubRepositoryWidget;
				PRODUCT_NAME = "$(TARGET_NAME)";
				SKIP_INSTALL = YES;
				SWIFT_EMIT_LOC_STRINGS = YES;
				SWIFT_VERSION = 5.0;
				TARGETED_DEVICE_FAMILY = "1,2";
			};
			name = Debug;
		};
		05A3F39E2A5C2DEE00B60475 /* Release */ = {
			isa = XCBuildConfiguration;
			buildSettings = {
				ASSETCATALOG_COMPILER_GLOBAL_ACCENT_COLOR_NAME = AccentColor;
				ASSETCATALOG_COMPILER_WIDGET_BACKGROUND_COLOR_NAME = WidgetBackground;
				CODE_SIGN_ENTITLEMENTS = GithubRepositoryWidgetExtension.entitlements;
				CODE_SIGN_STYLE = Automatic;
				CURRENT_PROJECT_VERSION = 1;
				DEVELOPMENT_TEAM = L4D6WNQFVL;
				GENERATE_INFOPLIST_FILE = YES;
				INFOPLIST_FILE = GithubRepositoryWidget/Info.plist;
				INFOPLIST_KEY_CFBundleDisplayName = GithubRepositoryWidget;
				INFOPLIST_KEY_NSHumanReadableCopyright = "";
				LD_RUNPATH_SEARCH_PATHS = (
					"$(inherited)",
					"@executable_path/Frameworks",
					"@executable_path/../../Frameworks",
				);
				MARKETING_VERSION = 1.0;
				PRODUCT_BUNDLE_IDENTIFIER = com.hungyen.GithubRepositoryApp.GithubRepositoryWidget;
				PRODUCT_NAME = "$(TARGET_NAME)";
				SKIP_INSTALL = YES;
				SWIFT_EMIT_LOC_STRINGS = YES;
				SWIFT_VERSION = 5.0;
				TARGETED_DEVICE_FAMILY = "1,2";
			};
			name = Release;
		};
/* End XCBuildConfiguration section */

/* Begin XCConfigurationList section */
		051096892A5CDF320084EF58 /* Build configuration list for PBXNativeTarget "GithubReporitoryIntents" */ = {
			isa = XCConfigurationList;
			buildConfigurations = (
				0510968A2A5CDF320084EF58 /* Debug */,
				0510968B2A5CDF320084EF58 /* Release */,
			);
			defaultConfigurationIsVisible = 0;
			defaultConfigurationName = Release;
		};
		052138882A5435B8003C7616 /* Build configuration list for PBXProject "GithubRepositoryApp" */ = {
			isa = XCConfigurationList;
			buildConfigurations = (
				052138992A5435B8003C7616 /* Debug */,
				0521389A2A5435B8003C7616 /* Release */,
			);
			defaultConfigurationIsVisible = 0;
			defaultConfigurationName = Release;
		};
		0521389B2A5435B8003C7616 /* Build configuration list for PBXNativeTarget "GithubRepositoryApp" */ = {
			isa = XCConfigurationList;
			buildConfigurations = (
				0521389C2A5435B8003C7616 /* Debug */,
				0521389D2A5435B8003C7616 /* Release */,
			);
			defaultConfigurationIsVisible = 0;
			defaultConfigurationName = Release;
		};
		059BF5D12A55C1B6009985EB /* Build configuration list for PBXNativeTarget "GithubRepositoryAppTests" */ = {
			isa = XCConfigurationList;
			buildConfigurations = (
				059BF5D22A55C1B6009985EB /* Debug */,
				059BF5D32A55C1B6009985EB /* Release */,
			);
			defaultConfigurationIsVisible = 0;
			defaultConfigurationName = Release;
		};
		05A3F39C2A5C2DEE00B60475 /* Build configuration list for PBXNativeTarget "GithubRepositoryWidgetExtension" */ = {
			isa = XCConfigurationList;
			buildConfigurations = (
				05A3F39D2A5C2DEE00B60475 /* Debug */,
				05A3F39E2A5C2DEE00B60475 /* Release */,
			);
			defaultConfigurationIsVisible = 0;
			defaultConfigurationName = Release;
		};
/* End XCConfigurationList section */
	};
	rootObject = 052138852A5435B8003C7616 /* Project object */;
}
